// !$*UTF8*$!
{
	archiveVersion = 1;
	classes = {
	};
	objectVersion = 70;
	objects = {

/* Begin PBXBuildFile section */
		9408C5AA29A0A5EA005DE2EE /* BusTimeApp.swift in Sources */ = {isa = PBXBuildFile; fileRef = 9408C5A929A0A5EA005DE2EE /* BusTimeApp.swift */; };
		9408C5AC29A0A5EA005DE2EE /* ContentView.swift in Sources */ = {isa = PBXBuildFile; fileRef = 9408C5AB29A0A5EA005DE2EE /* ContentView.swift */; };
		9408C5AE29A0A5EB005DE2EE /* Assets.xcassets in Resources */ = {isa = PBXBuildFile; fileRef = 9408C5AD29A0A5EB005DE2EE /* Assets.xcassets */; };
		9408C5B129A0A5EB005DE2EE /* Preview Assets.xcassets in Resources */ = {isa = PBXBuildFile; fileRef = 9408C5B029A0A5EB005DE2EE /* Preview Assets.xcassets */; };
		9408C5BB29A0A5EC005DE2EE /* BusTimeTests.swift in Sources */ = {isa = PBXBuildFile; fileRef = 9408C5BA29A0A5EC005DE2EE /* BusTimeTests.swift */; };
		9408C5C529A0A5EC005DE2EE /* BusTimeUITests.swift in Sources */ = {isa = PBXBuildFile; fileRef = 9408C5C429A0A5EC005DE2EE /* BusTimeUITests.swift */; };
		9408C5C729A0A5EC005DE2EE /* BusTimeUITestsLaunchTests.swift in Sources */ = {isa = PBXBuildFile; fileRef = 9408C5C629A0A5EC005DE2EE /* BusTimeUITestsLaunchTests.swift */; };
		9408C5E029A0ADA2005DE2EE /* StopMonitoringView.swift in Sources */ = {isa = PBXBuildFile; fileRef = 9408C5DF29A0ADA2005DE2EE /* StopMonitoringView.swift */; };
		9408C5E229A0ADB3005DE2EE /* StopMonitoringViewModel.swift in Sources */ = {isa = PBXBuildFile; fileRef = 9408C5E129A0ADB3005DE2EE /* StopMonitoringViewModel.swift */; };
		9408C5E529A18635005DE2EE /* RouteDetailView.swift in Sources */ = {isa = PBXBuildFile; fileRef = 9408C5E429A18635005DE2EE /* RouteDetailView.swift */; };
		9408C5E729A18728005DE2EE /* RouteDetailViewModel.swift in Sources */ = {isa = PBXBuildFile; fileRef = 9408C5E629A18728005DE2EE /* RouteDetailViewModel.swift */; };
		9408C5EB29A1892A005DE2EE /* KeyValueCell.swift in Sources */ = {isa = PBXBuildFile; fileRef = 9408C5EA29A1892A005DE2EE /* KeyValueCell.swift */; };
		9408C5EE29A1BFD7005DE2EE /* MoreOptionsView.swift in Sources */ = {isa = PBXBuildFile; fileRef = 9408C5ED29A1BFD7005DE2EE /* MoreOptionsView.swift */; };
		940950D42B902EB10097A88D /* AlertDescriptionView.swift in Sources */ = {isa = PBXBuildFile; fileRef = 940950D32B902EB10097A88D /* AlertDescriptionView.swift */; };
		9433A5442DD968EE009A0800 /* ArrivalTimesCardView.swift in Sources */ = {isa = PBXBuildFile; fileRef = 9433A5432DD968EE009A0800 /* ArrivalTimesCardView.swift */; };
		944418F72C7E8C9D004EE75D /* ItineraryMapViewModel.swift in Sources */ = {isa = PBXBuildFile; fileRef = 944418F62C7E8C9D004EE75D /* ItineraryMapViewModel.swift */; };
		948365652C40CE74006FB730 /* ItineraryMapView.swift in Sources */ = {isa = PBXBuildFile; fileRef = 948365642C40CE74006FB730 /* ItineraryMapView.swift */; };
		949EC4102EC820020031F6EC /* WidgetKit.framework in Frameworks */ = {isa = PBXBuildFile; fileRef = 94CFD40F2D0607F100E64052 /* WidgetKit.framework */; };
		949EC4112EC820020031F6EC /* SwiftUI.framework in Frameworks */ = {isa = PBXBuildFile; fileRef = 94CFD4112D0607F100E64052 /* SwiftUI.framework */; };
		949EC4202EC820030031F6EC /* LiveActivityWidgetExtension.appex in Embed Foundation Extensions */ = {isa = PBXBuildFile; fileRef = 949EC40F2EC820020031F6EC /* LiveActivityWidgetExtension.appex */; settings = {ATTRIBUTES = (RemoveHeadersOnCopy, ); }; };
		949EC4272EC820D50031F6EC /* ActivityKit.framework in Frameworks */ = {isa = PBXBuildFile; fileRef = 949EC4262EC820D50031F6EC /* ActivityKit.framework */; platformFilter = ios; };
		949EC4372EC8242C0031F6EC /* SharedIOS.framework in Frameworks */ = {isa = PBXBuildFile; fileRef = 949EC42F2EC8242C0031F6EC /* SharedIOS.framework */; };
		949EC4382EC8242C0031F6EC /* SharedIOS.framework in Embed Frameworks */ = {isa = PBXBuildFile; fileRef = 949EC42F2EC8242C0031F6EC /* SharedIOS.framework */; settings = {ATTRIBUTES = (CodeSignOnCopy, RemoveHeadersOnCopy, ); }; };
		94B404122BF84746002006E9 /* Tag.swift in Sources */ = {isa = PBXBuildFile; fileRef = 94B404112BF84746002006E9 /* Tag.swift */; };
		94CFD3492D05559C00E64052 /* Shared.framework in Frameworks */ = {isa = PBXBuildFile; fileRef = 94CFD33F2D05559C00E64052 /* Shared.framework */; };
		94CFD3552D05559C00E64052 /* Shared.framework in Embed Frameworks */ = {isa = PBXBuildFile; fileRef = 94CFD33F2D05559C00E64052 /* Shared.framework */; settings = {ATTRIBUTES = (CodeSignOnCopy, RemoveHeadersOnCopy, ); }; };
		94CFD3D22D055F7C00E64052 /* BusTimeAppleWatch Watch App.app in Embed Watch Content */ = {isa = PBXBuildFile; fileRef = 94CFD3C52D055F7B00E64052 /* BusTimeAppleWatch Watch App.app */; settings = {ATTRIBUTES = (RemoveHeadersOnCopy, ); }; };
		94CFD4052D05686B00E64052 /* Shared.framework in Frameworks */ = {isa = PBXBuildFile; fileRef = 94CFD33F2D05559C00E64052 /* Shared.framework */; };
		94CFD4062D05686B00E64052 /* Shared.framework in Embed Frameworks */ = {isa = PBXBuildFile; fileRef = 94CFD33F2D05559C00E64052 /* Shared.framework */; settings = {ATTRIBUTES = (CodeSignOnCopy, RemoveHeadersOnCopy, ); }; };
		94CFD4102D0607F100E64052 /* WidgetKit.framework in Frameworks */ = {isa = PBXBuildFile; fileRef = 94CFD40F2D0607F100E64052 /* WidgetKit.framework */; };
		94CFD4122D0607F100E64052 /* SwiftUI.framework in Frameworks */ = {isa = PBXBuildFile; fileRef = 94CFD4112D0607F100E64052 /* SwiftUI.framework */; };
		94CFD41D2D0607F200E64052 /* BusTimeAppleWatchWidgetsExtension.appex in Embed Foundation Extensions */ = {isa = PBXBuildFile; fileRef = 94CFD40E2D0607F100E64052 /* BusTimeAppleWatchWidgetsExtension.appex */; settings = {ATTRIBUTES = (RemoveHeadersOnCopy, ); }; };
		94CFD4252D0617C400E64052 /* Shared.framework in Frameworks */ = {isa = PBXBuildFile; fileRef = 94CFD33F2D05559C00E64052 /* Shared.framework */; platformFilters = (ios, watchos, ); };
		94CFD4262D0617C400E64052 /* Shared.framework in Embed Frameworks */ = {isa = PBXBuildFile; fileRef = 94CFD33F2D05559C00E64052 /* Shared.framework */; platformFilters = (ios, watchos, ); settings = {ATTRIBUTES = (CodeSignOnCopy, RemoveHeadersOnCopy, ); }; };
/* End PBXBuildFile section */

/* Begin PBXContainerItemProxy section */
		9408C5B729A0A5EC005DE2EE /* PBXContainerItemProxy */ = {
			isa = PBXContainerItemProxy;
			containerPortal = 9408C59E29A0A5EA005DE2EE /* Project object */;
			proxyType = 1;
			remoteGlobalIDString = 9408C5A529A0A5EA005DE2EE;
			remoteInfo = BusTime;
		};
		9408C5C129A0A5EC005DE2EE /* PBXContainerItemProxy */ = {
			isa = PBXContainerItemProxy;
			containerPortal = 9408C59E29A0A5EA005DE2EE /* Project object */;
			proxyType = 1;
			remoteGlobalIDString = 9408C5A529A0A5EA005DE2EE;
			remoteInfo = BusTime;
		};
		949EC41E2EC820030031F6EC /* PBXContainerItemProxy */ = {
			isa = PBXContainerItemProxy;
			containerPortal = 9408C59E29A0A5EA005DE2EE /* Project object */;
			proxyType = 1;
			remoteGlobalIDString = 949EC40E2EC820020031F6EC;
			remoteInfo = LiveActivityWidgetExtension;
		};
		949EC4352EC8242C0031F6EC /* PBXContainerItemProxy */ = {
			isa = PBXContainerItemProxy;
			containerPortal = 9408C59E29A0A5EA005DE2EE /* Project object */;
			proxyType = 1;
			remoteGlobalIDString = 949EC42E2EC8242C0031F6EC;
			remoteInfo = SharedIOS;
		};
		94CFD34A2D05559C00E64052 /* PBXContainerItemProxy */ = {
			isa = PBXContainerItemProxy;
			containerPortal = 9408C59E29A0A5EA005DE2EE /* Project object */;
			proxyType = 1;
			remoteGlobalIDString = 94CFD33E2D05559C00E64052;
			remoteInfo = Shared;
		};
		94CFD34C2D05559C00E64052 /* PBXContainerItemProxy */ = {
			isa = PBXContainerItemProxy;
			containerPortal = 9408C59E29A0A5EA005DE2EE /* Project object */;
			proxyType = 1;
			remoteGlobalIDString = 9408C5A529A0A5EA005DE2EE;
			remoteInfo = BusTime;
		};
		94CFD3522D05559C00E64052 /* PBXContainerItemProxy */ = {
			isa = PBXContainerItemProxy;
			containerPortal = 9408C59E29A0A5EA005DE2EE /* Project object */;
			proxyType = 1;
			remoteGlobalIDString = 94CFD33E2D05559C00E64052;
			remoteInfo = Shared;
		};
		94CFD3D02D055F7C00E64052 /* PBXContainerItemProxy */ = {
			isa = PBXContainerItemProxy;
			containerPortal = 9408C59E29A0A5EA005DE2EE /* Project object */;
			proxyType = 1;
			remoteGlobalIDString = 94CFD3C42D055F7B00E64052;
			remoteInfo = "BusTimeAppleWatch Watch App";
		};
		94CFD4072D05686B00E64052 /* PBXContainerItemProxy */ = {
			isa = PBXContainerItemProxy;
			containerPortal = 9408C59E29A0A5EA005DE2EE /* Project object */;
			proxyType = 1;
			remoteGlobalIDString = 94CFD33E2D05559C00E64052;
			remoteInfo = Shared;
		};
		94CFD41B2D0607F200E64052 /* PBXContainerItemProxy */ = {
			isa = PBXContainerItemProxy;
			containerPortal = 9408C59E29A0A5EA005DE2EE /* Project object */;
			proxyType = 1;
			remoteGlobalIDString = 94CFD40D2D0607F100E64052;
			remoteInfo = BusTimeAppleWatchWidgetsExtension;
		};
		94CFD4272D0617C400E64052 /* PBXContainerItemProxy */ = {
			isa = PBXContainerItemProxy;
			containerPortal = 9408C59E29A0A5EA005DE2EE /* Project object */;
			proxyType = 1;
			remoteGlobalIDString = 94CFD33E2D05559C00E64052;
			remoteInfo = Shared;
		};
/* End PBXContainerItemProxy section */

/* Begin PBXCopyFilesBuildPhase section */
		949EC4212EC820030031F6EC /* Embed Foundation Extensions */ = {
			isa = PBXCopyFilesBuildPhase;
			buildActionMask = 2147483647;
			dstPath = "";
			dstSubfolderSpec = 13;
			files = (
				949EC4202EC820030031F6EC /* LiveActivityWidgetExtension.appex in Embed Foundation Extensions */,
			);
			name = "Embed Foundation Extensions";
			runOnlyForDeploymentPostprocessing = 0;
		};
		94CFD3362D0554AC00E64052 /* Embed Frameworks */ = {
			isa = PBXCopyFilesBuildPhase;
			buildActionMask = 2147483647;
			dstPath = "";
			dstSubfolderSpec = 10;
			files = (
				949EC4382EC8242C0031F6EC /* SharedIOS.framework in Embed Frameworks */,
				94CFD3552D05559C00E64052 /* Shared.framework in Embed Frameworks */,
			);
			name = "Embed Frameworks";
			runOnlyForDeploymentPostprocessing = 0;
		};
		94CFD3D32D055F7C00E64052 /* Embed Watch Content */ = {
			isa = PBXCopyFilesBuildPhase;
			buildActionMask = 2147483647;
			dstPath = "$(CONTENTS_FOLDER_PATH)/Watch";
			dstSubfolderSpec = 16;
			files = (
				94CFD3D22D055F7C00E64052 /* BusTimeAppleWatch Watch App.app in Embed Watch Content */,
			);
			name = "Embed Watch Content";
			runOnlyForDeploymentPostprocessing = 0;
		};
		94CFD4092D05686B00E64052 /* Embed Frameworks */ = {
			isa = PBXCopyFilesBuildPhase;
			buildActionMask = 2147483647;
			dstPath = "";
			dstSubfolderSpec = 10;
			files = (
				94CFD4062D05686B00E64052 /* Shared.framework in Embed Frameworks */,
			);
			name = "Embed Frameworks";
			runOnlyForDeploymentPostprocessing = 0;
		};
		94CFD4222D0607F200E64052 /* Embed Foundation Extensions */ = {
			isa = PBXCopyFilesBuildPhase;
			buildActionMask = 2147483647;
			dstPath = "";
			dstSubfolderSpec = 13;
			files = (
				94CFD41D2D0607F200E64052 /* BusTimeAppleWatchWidgetsExtension.appex in Embed Foundation Extensions */,
			);
			name = "Embed Foundation Extensions";
			runOnlyForDeploymentPostprocessing = 0;
		};
		94CFD4292D0617C400E64052 /* Embed Frameworks */ = {
			isa = PBXCopyFilesBuildPhase;
			buildActionMask = 2147483647;
			dstPath = "";
			dstSubfolderSpec = 10;
			files = (
				94CFD4262D0617C400E64052 /* Shared.framework in Embed Frameworks */,
			);
			name = "Embed Frameworks";
			runOnlyForDeploymentPostprocessing = 0;
		};
/* End PBXCopyFilesBuildPhase section */

/* Begin PBXFileReference section */
		9408C5A629A0A5EA005DE2EE /* BusTime.app */ = {isa = PBXFileReference; explicitFileType = wrapper.application; includeInIndex = 0; path = BusTime.app; sourceTree = BUILT_PRODUCTS_DIR; };
		9408C5A929A0A5EA005DE2EE /* BusTimeApp.swift */ = {isa = PBXFileReference; lastKnownFileType = sourcecode.swift; path = BusTimeApp.swift; sourceTree = "<group>"; };
		9408C5AB29A0A5EA005DE2EE /* ContentView.swift */ = {isa = PBXFileReference; lastKnownFileType = sourcecode.swift; path = ContentView.swift; sourceTree = "<group>"; };
		9408C5AD29A0A5EB005DE2EE /* Assets.xcassets */ = {isa = PBXFileReference; lastKnownFileType = folder.assetcatalog; path = Assets.xcassets; sourceTree = "<group>"; };
		9408C5B029A0A5EB005DE2EE /* Preview Assets.xcassets */ = {isa = PBXFileReference; lastKnownFileType = folder.assetcatalog; path = "Preview Assets.xcassets"; sourceTree = "<group>"; };
		9408C5B629A0A5EC005DE2EE /* BusTimeTests.xctest */ = {isa = PBXFileReference; explicitFileType = wrapper.cfbundle; includeInIndex = 0; path = BusTimeTests.xctest; sourceTree = BUILT_PRODUCTS_DIR; };
		9408C5BA29A0A5EC005DE2EE /* BusTimeTests.swift */ = {isa = PBXFileReference; lastKnownFileType = sourcecode.swift; path = BusTimeTests.swift; sourceTree = "<group>"; };
		9408C5C029A0A5EC005DE2EE /* BusTimeUITests.xctest */ = {isa = PBXFileReference; explicitFileType = wrapper.cfbundle; includeInIndex = 0; path = BusTimeUITests.xctest; sourceTree = BUILT_PRODUCTS_DIR; };
		9408C5C429A0A5EC005DE2EE /* BusTimeUITests.swift */ = {isa = PBXFileReference; lastKnownFileType = sourcecode.swift; path = BusTimeUITests.swift; sourceTree = "<group>"; };
		9408C5C629A0A5EC005DE2EE /* BusTimeUITestsLaunchTests.swift */ = {isa = PBXFileReference; lastKnownFileType = sourcecode.swift; path = BusTimeUITestsLaunchTests.swift; sourceTree = "<group>"; };
		9408C5DF29A0ADA2005DE2EE /* StopMonitoringView.swift */ = {isa = PBXFileReference; lastKnownFileType = sourcecode.swift; path = StopMonitoringView.swift; sourceTree = "<group>"; };
		9408C5E129A0ADB3005DE2EE /* StopMonitoringViewModel.swift */ = {isa = PBXFileReference; lastKnownFileType = sourcecode.swift; path = StopMonitoringViewModel.swift; sourceTree = "<group>"; };
		9408C5E429A18635005DE2EE /* RouteDetailView.swift */ = {isa = PBXFileReference; lastKnownFileType = sourcecode.swift; path = RouteDetailView.swift; sourceTree = "<group>"; };
		9408C5E629A18728005DE2EE /* RouteDetailViewModel.swift */ = {isa = PBXFileReference; lastKnownFileType = sourcecode.swift; path = RouteDetailViewModel.swift; sourceTree = "<group>"; };
		9408C5EA29A1892A005DE2EE /* KeyValueCell.swift */ = {isa = PBXFileReference; lastKnownFileType = sourcecode.swift; path = KeyValueCell.swift; sourceTree = "<group>"; };
		9408C5ED29A1BFD7005DE2EE /* MoreOptionsView.swift */ = {isa = PBXFileReference; lastKnownFileType = sourcecode.swift; path = MoreOptionsView.swift; sourceTree = "<group>"; };
		940950D32B902EB10097A88D /* AlertDescriptionView.swift */ = {isa = PBXFileReference; lastKnownFileType = sourcecode.swift; path = AlertDescriptionView.swift; sourceTree = "<group>"; };
		9433A5432DD968EE009A0800 /* ArrivalTimesCardView.swift */ = {isa = PBXFileReference; lastKnownFileType = sourcecode.swift; path = ArrivalTimesCardView.swift; sourceTree = "<group>"; };
		944418F62C7E8C9D004EE75D /* ItineraryMapViewModel.swift */ = {isa = PBXFileReference; lastKnownFileType = sourcecode.swift; path = ItineraryMapViewModel.swift; sourceTree = "<group>"; };
		948365642C40CE74006FB730 /* ItineraryMapView.swift */ = {isa = PBXFileReference; lastKnownFileType = sourcecode.swift; path = ItineraryMapView.swift; sourceTree = "<group>"; };
		949EC40F2EC820020031F6EC /* LiveActivityWidgetExtension.appex */ = {isa = PBXFileReference; explicitFileType = "wrapper.app-extension"; includeInIndex = 0; path = LiveActivityWidgetExtension.appex; sourceTree = BUILT_PRODUCTS_DIR; };
		949EC4262EC820D50031F6EC /* ActivityKit.framework */ = {isa = PBXFileReference; lastKnownFileType = wrapper.framework; name = ActivityKit.framework; path = System/Library/Frameworks/ActivityKit.framework; sourceTree = SDKROOT; };
		949EC42F2EC8242C0031F6EC /* SharedIOS.framework */ = {isa = PBXFileReference; explicitFileType = wrapper.framework; includeInIndex = 0; path = SharedIOS.framework; sourceTree = BUILT_PRODUCTS_DIR; };
		94AC7DC12AF07E3C0080633B /* Configurations.xcconfig */ = {isa = PBXFileReference; lastKnownFileType = text.xcconfig; path = Configurations.xcconfig; sourceTree = "<group>"; };
		94AC7DC22AF07F8C0080633B /* Info.plist */ = {isa = PBXFileReference; lastKnownFileType = text.plist; path = Info.plist; sourceTree = "<group>"; };
		94B404112BF84746002006E9 /* Tag.swift */ = {isa = PBXFileReference; lastKnownFileType = sourcecode.swift; path = Tag.swift; sourceTree = "<group>"; };
		94CFD33F2D05559C00E64052 /* Shared.framework */ = {isa = PBXFileReference; explicitFileType = wrapper.framework; includeInIndex = 0; path = Shared.framework; sourceTree = BUILT_PRODUCTS_DIR; };
		94CFD3482D05559C00E64052 /* SharedTests.xctest */ = {isa = PBXFileReference; explicitFileType = wrapper.cfbundle; includeInIndex = 0; path = SharedTests.xctest; sourceTree = BUILT_PRODUCTS_DIR; };
		94CFD3C52D055F7B00E64052 /* BusTimeAppleWatch Watch App.app */ = {isa = PBXFileReference; explicitFileType = wrapper.application; includeInIndex = 0; path = "BusTimeAppleWatch Watch App.app"; sourceTree = BUILT_PRODUCTS_DIR; };
		94CFD40E2D0607F100E64052 /* BusTimeAppleWatchWidgetsExtension.appex */ = {isa = PBXFileReference; explicitFileType = "wrapper.app-extension"; includeInIndex = 0; path = BusTimeAppleWatchWidgetsExtension.appex; sourceTree = BUILT_PRODUCTS_DIR; };
		94CFD40F2D0607F100E64052 /* WidgetKit.framework */ = {isa = PBXFileReference; lastKnownFileType = wrapper.framework; name = WidgetKit.framework; path = System/Library/Frameworks/WidgetKit.framework; sourceTree = SDKROOT; };
		94CFD4112D0607F100E64052 /* SwiftUI.framework */ = {isa = PBXFileReference; lastKnownFileType = wrapper.framework; name = SwiftUI.framework; path = System/Library/Frameworks/SwiftUI.framework; sourceTree = SDKROOT; };
/* End PBXFileReference section */

/* Begin PBXFileSystemSynchronizedBuildFileExceptionSet section */
		949EC4242EC820030031F6EC /* PBXFileSystemSynchronizedBuildFileExceptionSet */ = {
			isa = PBXFileSystemSynchronizedBuildFileExceptionSet;
			membershipExceptions = (
				Info.plist,
			);
			target = 949EC40E2EC820020031F6EC /* LiveActivityWidgetExtension */;
		};
		94CFD3562D05559D00E64052 /* PBXFileSystemSynchronizedBuildFileExceptionSet */ = {
			isa = PBXFileSystemSynchronizedBuildFileExceptionSet;
			publicHeaders = (
				Shared.h,
			);
			target = 94CFD33E2D05559C00E64052 /* Shared */;
		};
		94CFD41E2D0607F200E64052 /* PBXFileSystemSynchronizedBuildFileExceptionSet */ = {
			isa = PBXFileSystemSynchronizedBuildFileExceptionSet;
			membershipExceptions = (
				Info.plist,
			);
			target = 94CFD40D2D0607F100E64052 /* BusTimeAppleWatchWidgetsExtension */;
		};
/* End PBXFileSystemSynchronizedBuildFileExceptionSet section */

/* Begin PBXFileSystemSynchronizedRootGroup section */
		949EC4122EC820020031F6EC /* LiveActivityWidget */ = {isa = PBXFileSystemSynchronizedRootGroup; exceptions = (949EC4242EC820030031F6EC /* PBXFileSystemSynchronizedBuildFileExceptionSet */, ); explicitFileTypes = {}; explicitFolders = (); path = LiveActivityWidget; sourceTree = "<group>"; };
		949EC4302EC8242C0031F6EC /* SharedIOS */ = {isa = PBXFileSystemSynchronizedRootGroup; explicitFileTypes = {}; explicitFolders = (); path = SharedIOS; sourceTree = "<group>"; };
		94CFD3402D05559C00E64052 /* Shared */ = {isa = PBXFileSystemSynchronizedRootGroup; exceptions = (94CFD3562D05559D00E64052 /* PBXFileSystemSynchronizedBuildFileExceptionSet */, ); explicitFileTypes = {}; explicitFolders = (); path = Shared; sourceTree = "<group>"; };
		94CFD34E2D05559C00E64052 /* SharedTests */ = {isa = PBXFileSystemSynchronizedRootGroup; explicitFileTypes = {}; explicitFolders = (); path = SharedTests; sourceTree = "<group>"; };
		94CFD3C62D055F7B00E64052 /* BusTimeAppleWatch Watch App */ = {isa = PBXFileSystemSynchronizedRootGroup; explicitFileTypes = {}; explicitFolders = (); path = "BusTimeAppleWatch Watch App"; sourceTree = "<group>"; };
		94CFD4132D0607F100E64052 /* BusTimeAppleWatchWidgets */ = {isa = PBXFileSystemSynchronizedRootGroup; exceptions = (94CFD41E2D0607F200E64052 /* PBXFileSystemSynchronizedBuildFileExceptionSet */, ); explicitFileTypes = {}; explicitFolders = (); path = BusTimeAppleWatchWidgets; sourceTree = "<group>"; };
/* End PBXFileSystemSynchronizedRootGroup section */

/* Begin PBXFrameworksBuildPhase section */
		9408C5A329A0A5EA005DE2EE /* Frameworks */ = {
			isa = PBXFrameworksBuildPhase;
			buildActionMask = 2147483647;
			files = (
				949EC4372EC8242C0031F6EC /* SharedIOS.framework in Frameworks */,
			);
			runOnlyForDeploymentPostprocessing = 0;
		};
		9408C5B329A0A5EC005DE2EE /* Frameworks */ = {
			isa = PBXFrameworksBuildPhase;
			buildActionMask = 2147483647;
			files = (
			);
			runOnlyForDeploymentPostprocessing = 0;
		};
		9408C5BD29A0A5EC005DE2EE /* Frameworks */ = {
			isa = PBXFrameworksBuildPhase;
			buildActionMask = 2147483647;
			files = (
			);
			runOnlyForDeploymentPostprocessing = 0;
		};
		949EC40C2EC820020031F6EC /* Frameworks */ = {
			isa = PBXFrameworksBuildPhase;
			buildActionMask = 2147483647;
			files = (
				949EC4112EC820020031F6EC /* SwiftUI.framework in Frameworks */,
				949EC4102EC820020031F6EC /* WidgetKit.framework in Frameworks */,
			);
			runOnlyForDeploymentPostprocessing = 0;
		};
		949EC42C2EC8242C0031F6EC /* Frameworks */ = {
			isa = PBXFrameworksBuildPhase;
			buildActionMask = 2147483647;
			files = (
			);
			runOnlyForDeploymentPostprocessing = 0;
		};
		94CFD33C2D05559C00E64052 /* Frameworks */ = {
			isa = PBXFrameworksBuildPhase;
			buildActionMask = 2147483647;
			files = (
				949EC4272EC820D50031F6EC /* ActivityKit.framework in Frameworks */,
			);
			runOnlyForDeploymentPostprocessing = 0;
		};
		94CFD3452D05559C00E64052 /* Frameworks */ = {
			isa = PBXFrameworksBuildPhase;
			buildActionMask = 2147483647;
			files = (
				94CFD3492D05559C00E64052 /* Shared.framework in Frameworks */,
			);
			runOnlyForDeploymentPostprocessing = 0;
		};
		94CFD3C22D055F7B00E64052 /* Frameworks */ = {
			isa = PBXFrameworksBuildPhase;
			buildActionMask = 2147483647;
			files = (
				94CFD4052D05686B00E64052 /* Shared.framework in Frameworks */,
			);
			runOnlyForDeploymentPostprocessing = 0;
		};
		94CFD40B2D0607F100E64052 /* Frameworks */ = {
			isa = PBXFrameworksBuildPhase;
			buildActionMask = 2147483647;
			files = (
				94CFD4122D0607F100E64052 /* SwiftUI.framework in Frameworks */,
				94CFD4252D0617C400E64052 /* Shared.framework in Frameworks */,
				94CFD4102D0607F100E64052 /* WidgetKit.framework in Frameworks */,
			);
			runOnlyForDeploymentPostprocessing = 0;
		};
/* End PBXFrameworksBuildPhase section */

/* Begin PBXGroup section */
		9408C59D29A0A5EA005DE2EE = {
			isa = PBXGroup;
			children = (
				9408C5A829A0A5EA005DE2EE /* BusTime */,
				9408C5B929A0A5EC005DE2EE /* BusTimeTests */,
				9408C5C329A0A5EC005DE2EE /* BusTimeUITests */,
				94CFD3402D05559C00E64052 /* Shared */,
				94CFD34E2D05559C00E64052 /* SharedTests */,
				94CFD3C62D055F7B00E64052 /* BusTimeAppleWatch Watch App */,
				94CFD4132D0607F100E64052 /* BusTimeAppleWatchWidgets */,
				949EC4122EC820020031F6EC /* LiveActivityWidget */,
				949EC4302EC8242C0031F6EC /* SharedIOS */,
				94CFD4042D05686B00E64052 /* Frameworks */,
				9408C5A729A0A5EA005DE2EE /* Products */,
			);
			sourceTree = "<group>";
		};
		9408C5A729A0A5EA005DE2EE /* Products */ = {
			isa = PBXGroup;
			children = (
				9408C5A629A0A5EA005DE2EE /* BusTime.app */,
				9408C5B629A0A5EC005DE2EE /* BusTimeTests.xctest */,
				9408C5C029A0A5EC005DE2EE /* BusTimeUITests.xctest */,
				94CFD33F2D05559C00E64052 /* Shared.framework */,
				94CFD3482D05559C00E64052 /* SharedTests.xctest */,
				94CFD3C52D055F7B00E64052 /* BusTimeAppleWatch Watch App.app */,
				94CFD40E2D0607F100E64052 /* BusTimeAppleWatchWidgetsExtension.appex */,
				949EC40F2EC820020031F6EC /* LiveActivityWidgetExtension.appex */,
				949EC42F2EC8242C0031F6EC /* SharedIOS.framework */,
			);
			name = Products;
			sourceTree = "<group>";
		};
		9408C5A829A0A5EA005DE2EE /* BusTime */ = {
			isa = PBXGroup;
			children = (
				94AC7DC22AF07F8C0080633B /* Info.plist */,
				9408C5EC29A1BFB9005DE2EE /* MoreOptionsView */,
				9408C5E329A18617005DE2EE /* RouteDetailView */,
				9408C5DE29A0AD87005DE2EE /* StopMonitoringView */,
				9408C5A929A0A5EA005DE2EE /* BusTimeApp.swift */,
				9408C5AB29A0A5EA005DE2EE /* ContentView.swift */,
				9408C5AD29A0A5EB005DE2EE /* Assets.xcassets */,
				9408C5AF29A0A5EB005DE2EE /* Preview Content */,
				94AC7DC12AF07E3C0080633B /* Configurations.xcconfig */,
			);
			path = BusTime;
			sourceTree = "<group>";
		};
		9408C5AF29A0A5EB005DE2EE /* Preview Content */ = {
			isa = PBXGroup;
			children = (
				9408C5B029A0A5EB005DE2EE /* Preview Assets.xcassets */,
			);
			path = "Preview Content";
			sourceTree = "<group>";
		};
		9408C5B929A0A5EC005DE2EE /* BusTimeTests */ = {
			isa = PBXGroup;
			children = (
				9408C5BA29A0A5EC005DE2EE /* BusTimeTests.swift */,
			);
			path = BusTimeTests;
			sourceTree = "<group>";
		};
		9408C5C329A0A5EC005DE2EE /* BusTimeUITests */ = {
			isa = PBXGroup;
			children = (
				9408C5C429A0A5EC005DE2EE /* BusTimeUITests.swift */,
				9408C5C629A0A5EC005DE2EE /* BusTimeUITestsLaunchTests.swift */,
			);
			path = BusTimeUITests;
			sourceTree = "<group>";
		};
		9408C5DE29A0AD87005DE2EE /* StopMonitoringView */ = {
			isa = PBXGroup;
			children = (
				9408C5DF29A0ADA2005DE2EE /* StopMonitoringView.swift */,
				9408C5E129A0ADB3005DE2EE /* StopMonitoringViewModel.swift */,
				94B404112BF84746002006E9 /* Tag.swift */,
				9433A5432DD968EE009A0800 /* ArrivalTimesCardView.swift */,
			);
			path = StopMonitoringView;
			sourceTree = "<group>";
		};
		9408C5E329A18617005DE2EE /* RouteDetailView */ = {
			isa = PBXGroup;
			children = (
				9408C5E429A18635005DE2EE /* RouteDetailView.swift */,
				9408C5E629A18728005DE2EE /* RouteDetailViewModel.swift */,
				9408C5EA29A1892A005DE2EE /* KeyValueCell.swift */,
				940950D32B902EB10097A88D /* AlertDescriptionView.swift */,
			);
			path = RouteDetailView;
			sourceTree = "<group>";
		};
		9408C5EC29A1BFB9005DE2EE /* MoreOptionsView */ = {
			isa = PBXGroup;
			children = (
				948365632C40CE66006FB730 /* ItineraryMap */,
				9408C5ED29A1BFD7005DE2EE /* MoreOptionsView.swift */,
			);
			path = MoreOptionsView;
			sourceTree = "<group>";
		};
		948365632C40CE66006FB730 /* ItineraryMap */ = {
			isa = PBXGroup;
			children = (
				948365642C40CE74006FB730 /* ItineraryMapView.swift */,
				944418F62C7E8C9D004EE75D /* ItineraryMapViewModel.swift */,
			);
			path = ItineraryMap;
			sourceTree = "<group>";
		};
		94CFD4042D05686B00E64052 /* Frameworks */ = {
			isa = PBXGroup;
			children = (
				949EC4262EC820D50031F6EC /* ActivityKit.framework */,
				94CFD40F2D0607F100E64052 /* WidgetKit.framework */,
				94CFD4112D0607F100E64052 /* SwiftUI.framework */,
			);
			name = Frameworks;
			sourceTree = "<group>";
		};
/* End PBXGroup section */

/* Begin PBXHeadersBuildPhase section */
		949EC42A2EC8242C0031F6EC /* Headers */ = {
			isa = PBXHeadersBuildPhase;
			buildActionMask = 2147483647;
			files = (
			);
			runOnlyForDeploymentPostprocessing = 0;
		};
		94CFD33A2D05559C00E64052 /* Headers */ = {
			isa = PBXHeadersBuildPhase;
			buildActionMask = 2147483647;
			files = (
			);
			runOnlyForDeploymentPostprocessing = 0;
		};
/* End PBXHeadersBuildPhase section */

/* Begin PBXNativeTarget section */
		9408C5A529A0A5EA005DE2EE /* BusTime */ = {
			isa = PBXNativeTarget;
			buildConfigurationList = 9408C5CA29A0A5EC005DE2EE /* Build configuration list for PBXNativeTarget "BusTime" */;
			buildPhases = (
				9408C5A229A0A5EA005DE2EE /* Sources */,
				9408C5A329A0A5EA005DE2EE /* Frameworks */,
				9408C5A429A0A5EA005DE2EE /* Resources */,
				94CFD3362D0554AC00E64052 /* Embed Frameworks */,
				94CFD3D32D055F7C00E64052 /* Embed Watch Content */,
				949EC4212EC820030031F6EC /* Embed Foundation Extensions */,
			);
			buildRules = (
			);
			dependencies = (
				94CFD3532D05559C00E64052 /* PBXTargetDependency */,
				94CFD3D12D055F7C00E64052 /* PBXTargetDependency */,
				949EC41F2EC820030031F6EC /* PBXTargetDependency */,
				949EC4362EC8242C0031F6EC /* PBXTargetDependency */,
			);
			name = BusTime;
			packageProductDependencies = (
			);
			productName = BusTime;
			productReference = 9408C5A629A0A5EA005DE2EE /* BusTime.app */;
			productType = "com.apple.product-type.application";
		};
		9408C5B529A0A5EC005DE2EE /* BusTimeTests */ = {
			isa = PBXNativeTarget;
			buildConfigurationList = 9408C5CD29A0A5EC005DE2EE /* Build configuration list for PBXNativeTarget "BusTimeTests" */;
			buildPhases = (
				9408C5B229A0A5EC005DE2EE /* Sources */,
				9408C5B329A0A5EC005DE2EE /* Frameworks */,
				9408C5B429A0A5EC005DE2EE /* Resources */,
			);
			buildRules = (
			);
			dependencies = (
				9408C5B829A0A5EC005DE2EE /* PBXTargetDependency */,
			);
			name = BusTimeTests;
			productName = BusTimeTests;
			productReference = 9408C5B629A0A5EC005DE2EE /* BusTimeTests.xctest */;
			productType = "com.apple.product-type.bundle.unit-test";
		};
		9408C5BF29A0A5EC005DE2EE /* BusTimeUITests */ = {
			isa = PBXNativeTarget;
			buildConfigurationList = 9408C5D029A0A5EC005DE2EE /* Build configuration list for PBXNativeTarget "BusTimeUITests" */;
			buildPhases = (
				9408C5BC29A0A5EC005DE2EE /* Sources */,
				9408C5BD29A0A5EC005DE2EE /* Frameworks */,
				9408C5BE29A0A5EC005DE2EE /* Resources */,
			);
			buildRules = (
			);
			dependencies = (
				9408C5C229A0A5EC005DE2EE /* PBXTargetDependency */,
			);
			name = BusTimeUITests;
			productName = BusTimeUITests;
			productReference = 9408C5C029A0A5EC005DE2EE /* BusTimeUITests.xctest */;
			productType = "com.apple.product-type.bundle.ui-testing";
		};
		949EC40E2EC820020031F6EC /* LiveActivityWidgetExtension */ = {
			isa = PBXNativeTarget;
			buildConfigurationList = 949EC4252EC820030031F6EC /* Build configuration list for PBXNativeTarget "LiveActivityWidgetExtension" */;
			buildPhases = (
				949EC40B2EC820020031F6EC /* Sources */,
				949EC40C2EC820020031F6EC /* Frameworks */,
				949EC40D2EC820020031F6EC /* Resources */,
			);
			buildRules = (
			);
			dependencies = (
			);
			fileSystemSynchronizedGroups = (
				949EC4122EC820020031F6EC /* LiveActivityWidget */,
			);
			name = LiveActivityWidgetExtension;
			packageProductDependencies = (
			);
			productName = LiveActivityWidgetExtension;
			productReference = 949EC40F2EC820020031F6EC /* LiveActivityWidgetExtension.appex */;
			productType = "com.apple.product-type.app-extension";
		};
		949EC42E2EC8242C0031F6EC /* SharedIOS */ = {
			isa = PBXNativeTarget;
			buildConfigurationList = 949EC4392EC8242C0031F6EC /* Build configuration list for PBXNativeTarget "SharedIOS" */;
			buildPhases = (
				949EC42A2EC8242C0031F6EC /* Headers */,
				949EC42B2EC8242C0031F6EC /* Sources */,
				949EC42C2EC8242C0031F6EC /* Frameworks */,
				949EC42D2EC8242C0031F6EC /* Resources */,
			);
			buildRules = (
			);
			dependencies = (
			);
			fileSystemSynchronizedGroups = (
				949EC4302EC8242C0031F6EC /* SharedIOS */,
			);
			name = SharedIOS;
			packageProductDependencies = (
			);
			productName = SharedIOS;
			productReference = 949EC42F2EC8242C0031F6EC /* SharedIOS.framework */;
			productType = "com.apple.product-type.framework";
		};
		94CFD33E2D05559C00E64052 /* Shared */ = {
			isa = PBXNativeTarget;
			buildConfigurationList = 94CFD3572D05559D00E64052 /* Build configuration list for PBXNativeTarget "Shared" */;
			buildPhases = (
				94CFD33A2D05559C00E64052 /* Headers */,
				94CFD33B2D05559C00E64052 /* Sources */,
				94CFD33C2D05559C00E64052 /* Frameworks */,
				94CFD33D2D05559C00E64052 /* Resources */,
			);
			buildRules = (
			);
			dependencies = (
			);
			fileSystemSynchronizedGroups = (
				94CFD3402D05559C00E64052 /* Shared */,
			);
			name = Shared;
			packageProductDependencies = (
			);
			productName = Shared;
			productReference = 94CFD33F2D05559C00E64052 /* Shared.framework */;
			productType = "com.apple.product-type.framework";
		};
		94CFD3472D05559C00E64052 /* SharedTests */ = {
			isa = PBXNativeTarget;
			buildConfigurationList = 94CFD35A2D05559D00E64052 /* Build configuration list for PBXNativeTarget "SharedTests" */;
			buildPhases = (
				94CFD3442D05559C00E64052 /* Sources */,
				94CFD3452D05559C00E64052 /* Frameworks */,
				94CFD3462D05559C00E64052 /* Resources */,
			);
			buildRules = (
			);
			dependencies = (
				94CFD34B2D05559C00E64052 /* PBXTargetDependency */,
				94CFD34D2D05559C00E64052 /* PBXTargetDependency */,
			);
			fileSystemSynchronizedGroups = (
				94CFD34E2D05559C00E64052 /* SharedTests */,
			);
			name = SharedTests;
			packageProductDependencies = (
			);
			productName = SharedTests;
			productReference = 94CFD3482D05559C00E64052 /* SharedTests.xctest */;
			productType = "com.apple.product-type.bundle.unit-test";
		};
		94CFD3C42D055F7B00E64052 /* BusTimeAppleWatch Watch App */ = {
			isa = PBXNativeTarget;
			buildConfigurationList = 94CFD3D62D055F7C00E64052 /* Build configuration list for PBXNativeTarget "BusTimeAppleWatch Watch App" */;
			buildPhases = (
				94CFD3C12D055F7B00E64052 /* Sources */,
				94CFD3C22D055F7B00E64052 /* Frameworks */,
				94CFD3C32D055F7B00E64052 /* Resources */,
				94CFD4092D05686B00E64052 /* Embed Frameworks */,
				94CFD4222D0607F200E64052 /* Embed Foundation Extensions */,
			);
			buildRules = (
			);
			dependencies = (
				94CFD4082D05686B00E64052 /* PBXTargetDependency */,
				94CFD41C2D0607F200E64052 /* PBXTargetDependency */,
			);
			fileSystemSynchronizedGroups = (
				94CFD3C62D055F7B00E64052 /* BusTimeAppleWatch Watch App */,
			);
			name = "BusTimeAppleWatch Watch App";
			packageProductDependencies = (
			);
			productName = "BusTimeAppleWatch Watch App";
			productReference = 94CFD3C52D055F7B00E64052 /* BusTimeAppleWatch Watch App.app */;
			productType = "com.apple.product-type.application";
		};
		94CFD40D2D0607F100E64052 /* BusTimeAppleWatchWidgetsExtension */ = {
			isa = PBXNativeTarget;
			buildConfigurationList = 94CFD41F2D0607F200E64052 /* Build configuration list for PBXNativeTarget "BusTimeAppleWatchWidgetsExtension" */;
			buildPhases = (
				94CFD40A2D0607F100E64052 /* Sources */,
				94CFD40B2D0607F100E64052 /* Frameworks */,
				94CFD40C2D0607F100E64052 /* Resources */,
				94CFD4292D0617C400E64052 /* Embed Frameworks */,
			);
			buildRules = (
			);
			dependencies = (
				94CFD4282D0617C400E64052 /* PBXTargetDependency */,
			);
			fileSystemSynchronizedGroups = (
				94CFD4132D0607F100E64052 /* BusTimeAppleWatchWidgets */,
			);
			name = BusTimeAppleWatchWidgetsExtension;
			packageProductDependencies = (
			);
			productName = BusTimeAppleWatchWidgetsExtension;
			productReference = 94CFD40E2D0607F100E64052 /* BusTimeAppleWatchWidgetsExtension.appex */;
			productType = "com.apple.product-type.app-extension";
		};
/* End PBXNativeTarget section */

/* Begin PBXProject section */
		9408C59E29A0A5EA005DE2EE /* Project object */ = {
			isa = PBXProject;
			attributes = {
				BuildIndependentTargetsInParallel = 1;
				LastSwiftUpdateCheck = 2600;
				LastUpgradeCheck = 1420;
				TargetAttributes = {
					9408C5A529A0A5EA005DE2EE = {
						CreatedOnToolsVersion = 14.2;
					};
					9408C5B529A0A5EC005DE2EE = {
						CreatedOnToolsVersion = 14.2;
						TestTargetID = 9408C5A529A0A5EA005DE2EE;
					};
					9408C5BF29A0A5EC005DE2EE = {
						CreatedOnToolsVersion = 14.2;
						TestTargetID = 9408C5A529A0A5EA005DE2EE;
					};
					949EC40E2EC820020031F6EC = {
						CreatedOnToolsVersion = 26.0.1;
					};
					949EC42E2EC8242C0031F6EC = {
						CreatedOnToolsVersion = 26.0.1;
					};
					94CFD33E2D05559C00E64052 = {
						CreatedOnToolsVersion = 16.0;
					};
					94CFD3472D05559C00E64052 = {
						CreatedOnToolsVersion = 16.0;
						TestTargetID = 9408C5A529A0A5EA005DE2EE;
					};
					94CFD3C42D055F7B00E64052 = {
						CreatedOnToolsVersion = 16.0;
					};
					94CFD40D2D0607F100E64052 = {
						CreatedOnToolsVersion = 16.0;
					};
				};
			};
			buildConfigurationList = 9408C5A129A0A5EA005DE2EE /* Build configuration list for PBXProject "BusTime" */;
			compatibilityVersion = "Xcode 14.0";
			developmentRegion = en;
			hasScannedForEncodings = 0;
			knownRegions = (
				en,
				Base,
			);
			mainGroup = 9408C59D29A0A5EA005DE2EE;
			packageReferences = (
			);
			productRefGroup = 9408C5A729A0A5EA005DE2EE /* Products */;
			projectDirPath = "";
			projectRoot = "";
			targets = (
				9408C5A529A0A5EA005DE2EE /* BusTime */,
				9408C5B529A0A5EC005DE2EE /* BusTimeTests */,
				9408C5BF29A0A5EC005DE2EE /* BusTimeUITests */,
				94CFD33E2D05559C00E64052 /* Shared */,
				94CFD3472D05559C00E64052 /* SharedTests */,
				94CFD3C42D055F7B00E64052 /* BusTimeAppleWatch Watch App */,
				94CFD40D2D0607F100E64052 /* BusTimeAppleWatchWidgetsExtension */,
				949EC40E2EC820020031F6EC /* LiveActivityWidgetExtension */,
				949EC42E2EC8242C0031F6EC /* SharedIOS */,
			);
		};
/* End PBXProject section */

/* Begin PBXResourcesBuildPhase section */
		9408C5A429A0A5EA005DE2EE /* Resources */ = {
			isa = PBXResourcesBuildPhase;
			buildActionMask = 2147483647;
			files = (
				9408C5B129A0A5EB005DE2EE /* Preview Assets.xcassets in Resources */,
				9408C5AE29A0A5EB005DE2EE /* Assets.xcassets in Resources */,
			);
			runOnlyForDeploymentPostprocessing = 0;
		};
		9408C5B429A0A5EC005DE2EE /* Resources */ = {
			isa = PBXResourcesBuildPhase;
			buildActionMask = 2147483647;
			files = (
			);
			runOnlyForDeploymentPostprocessing = 0;
		};
		9408C5BE29A0A5EC005DE2EE /* Resources */ = {
			isa = PBXResourcesBuildPhase;
			buildActionMask = 2147483647;
			files = (
			);
			runOnlyForDeploymentPostprocessing = 0;
		};
		949EC40D2EC820020031F6EC /* Resources */ = {
			isa = PBXResourcesBuildPhase;
			buildActionMask = 2147483647;
			files = (
			);
			runOnlyForDeploymentPostprocessing = 0;
		};
		949EC42D2EC8242C0031F6EC /* Resources */ = {
			isa = PBXResourcesBuildPhase;
			buildActionMask = 2147483647;
			files = (
			);
			runOnlyForDeploymentPostprocessing = 0;
		};
		94CFD33D2D05559C00E64052 /* Resources */ = {
			isa = PBXResourcesBuildPhase;
			buildActionMask = 2147483647;
			files = (
			);
			runOnlyForDeploymentPostprocessing = 0;
		};
		94CFD3462D05559C00E64052 /* Resources */ = {
			isa = PBXResourcesBuildPhase;
			buildActionMask = 2147483647;
			files = (
			);
			runOnlyForDeploymentPostprocessing = 0;
		};
		94CFD3C32D055F7B00E64052 /* Resources */ = {
			isa = PBXResourcesBuildPhase;
			buildActionMask = 2147483647;
			files = (
			);
			runOnlyForDeploymentPostprocessing = 0;
		};
		94CFD40C2D0607F100E64052 /* Resources */ = {
			isa = PBXResourcesBuildPhase;
			buildActionMask = 2147483647;
			files = (
			);
			runOnlyForDeploymentPostprocessing = 0;
		};
/* End PBXResourcesBuildPhase section */

/* Begin PBXSourcesBuildPhase section */
		9408C5A229A0A5EA005DE2EE /* Sources */ = {
			isa = PBXSourcesBuildPhase;
			buildActionMask = 2147483647;
			files = (
				9408C5E029A0ADA2005DE2EE /* StopMonitoringView.swift in Sources */,
				9433A5442DD968EE009A0800 /* ArrivalTimesCardView.swift in Sources */,
				9408C5E729A18728005DE2EE /* RouteDetailViewModel.swift in Sources */,
				9408C5AC29A0A5EA005DE2EE /* ContentView.swift in Sources */,
				9408C5E229A0ADB3005DE2EE /* StopMonitoringViewModel.swift in Sources */,
				948365652C40CE74006FB730 /* ItineraryMapView.swift in Sources */,
				944418F72C7E8C9D004EE75D /* ItineraryMapViewModel.swift in Sources */,
				9408C5AA29A0A5EA005DE2EE /* BusTimeApp.swift in Sources */,
				9408C5EE29A1BFD7005DE2EE /* MoreOptionsView.swift in Sources */,
				9408C5E529A18635005DE2EE /* RouteDetailView.swift in Sources */,
				940950D42B902EB10097A88D /* AlertDescriptionView.swift in Sources */,
				9408C5EB29A1892A005DE2EE /* KeyValueCell.swift in Sources */,
				94B404122BF84746002006E9 /* Tag.swift in Sources */,
			);
			runOnlyForDeploymentPostprocessing = 0;
		};
		9408C5B229A0A5EC005DE2EE /* Sources */ = {
			isa = PBXSourcesBuildPhase;
			buildActionMask = 2147483647;
			files = (
				9408C5BB29A0A5EC005DE2EE /* BusTimeTests.swift in Sources */,
			);
			runOnlyForDeploymentPostprocessing = 0;
		};
		9408C5BC29A0A5EC005DE2EE /* Sources */ = {
			isa = PBXSourcesBuildPhase;
			buildActionMask = 2147483647;
			files = (
				9408C5C729A0A5EC005DE2EE /* BusTimeUITestsLaunchTests.swift in Sources */,
				9408C5C529A0A5EC005DE2EE /* BusTimeUITests.swift in Sources */,
			);
			runOnlyForDeploymentPostprocessing = 0;
		};
		949EC40B2EC820020031F6EC /* Sources */ = {
			isa = PBXSourcesBuildPhase;
			buildActionMask = 2147483647;
			files = (
			);
			runOnlyForDeploymentPostprocessing = 0;
		};
		949EC42B2EC8242C0031F6EC /* Sources */ = {
			isa = PBXSourcesBuildPhase;
			buildActionMask = 2147483647;
			files = (
			);
			runOnlyForDeploymentPostprocessing = 0;
		};
		94CFD33B2D05559C00E64052 /* Sources */ = {
			isa = PBXSourcesBuildPhase;
			buildActionMask = 2147483647;
			files = (
			);
			runOnlyForDeploymentPostprocessing = 0;
		};
		94CFD3442D05559C00E64052 /* Sources */ = {
			isa = PBXSourcesBuildPhase;
			buildActionMask = 2147483647;
			files = (
			);
			runOnlyForDeploymentPostprocessing = 0;
		};
		94CFD3C12D055F7B00E64052 /* Sources */ = {
			isa = PBXSourcesBuildPhase;
			buildActionMask = 2147483647;
			files = (
			);
			runOnlyForDeploymentPostprocessing = 0;
		};
		94CFD40A2D0607F100E64052 /* Sources */ = {
			isa = PBXSourcesBuildPhase;
			buildActionMask = 2147483647;
			files = (
			);
			runOnlyForDeploymentPostprocessing = 0;
		};
/* End PBXSourcesBuildPhase section */

/* Begin PBXTargetDependency section */
		9408C5B829A0A5EC005DE2EE /* PBXTargetDependency */ = {
			isa = PBXTargetDependency;
			target = 9408C5A529A0A5EA005DE2EE /* BusTime */;
			targetProxy = 9408C5B729A0A5EC005DE2EE /* PBXContainerItemProxy */;
		};
		9408C5C229A0A5EC005DE2EE /* PBXTargetDependency */ = {
			isa = PBXTargetDependency;
			target = 9408C5A529A0A5EA005DE2EE /* BusTime */;
			targetProxy = 9408C5C129A0A5EC005DE2EE /* PBXContainerItemProxy */;
		};
		949EC41F2EC820030031F6EC /* PBXTargetDependency */ = {
			isa = PBXTargetDependency;
			target = 949EC40E2EC820020031F6EC /* LiveActivityWidgetExtension */;
			targetProxy = 949EC41E2EC820030031F6EC /* PBXContainerItemProxy */;
		};
		949EC4362EC8242C0031F6EC /* PBXTargetDependency */ = {
			isa = PBXTargetDependency;
			target = 949EC42E2EC8242C0031F6EC /* SharedIOS */;
			targetProxy = 949EC4352EC8242C0031F6EC /* PBXContainerItemProxy */;
		};
		94CFD34B2D05559C00E64052 /* PBXTargetDependency */ = {
			isa = PBXTargetDependency;
			target = 94CFD33E2D05559C00E64052 /* Shared */;
			targetProxy = 94CFD34A2D05559C00E64052 /* PBXContainerItemProxy */;
		};
		94CFD34D2D05559C00E64052 /* PBXTargetDependency */ = {
			isa = PBXTargetDependency;
			target = 9408C5A529A0A5EA005DE2EE /* BusTime */;
			targetProxy = 94CFD34C2D05559C00E64052 /* PBXContainerItemProxy */;
		};
		94CFD3532D05559C00E64052 /* PBXTargetDependency */ = {
			isa = PBXTargetDependency;
			target = 94CFD33E2D05559C00E64052 /* Shared */;
			targetProxy = 94CFD3522D05559C00E64052 /* PBXContainerItemProxy */;
		};
		94CFD3D12D055F7C00E64052 /* PBXTargetDependency */ = {
			isa = PBXTargetDependency;
			target = 94CFD3C42D055F7B00E64052 /* BusTimeAppleWatch Watch App */;
			targetProxy = 94CFD3D02D055F7C00E64052 /* PBXContainerItemProxy */;
		};
		94CFD4082D05686B00E64052 /* PBXTargetDependency */ = {
			isa = PBXTargetDependency;
			target = 94CFD33E2D05559C00E64052 /* Shared */;
			targetProxy = 94CFD4072D05686B00E64052 /* PBXContainerItemProxy */;
		};
		94CFD41C2D0607F200E64052 /* PBXTargetDependency */ = {
			isa = PBXTargetDependency;
			target = 94CFD40D2D0607F100E64052 /* BusTimeAppleWatchWidgetsExtension */;
			targetProxy = 94CFD41B2D0607F200E64052 /* PBXContainerItemProxy */;
		};
		94CFD4282D0617C400E64052 /* PBXTargetDependency */ = {
			isa = PBXTargetDependency;
			platformFilters = (
				ios,
				watchos,
			);
			target = 94CFD33E2D05559C00E64052 /* Shared */;
			targetProxy = 94CFD4272D0617C400E64052 /* PBXContainerItemProxy */;
		};
/* End PBXTargetDependency section */

/* Begin XCBuildConfiguration section */
		9408C5C829A0A5EC005DE2EE /* Debug */ = {
			isa = XCBuildConfiguration;
			buildSettings = {
				ALWAYS_SEARCH_USER_PATHS = NO;
				CLANG_ANALYZER_NONNULL = YES;
				CLANG_ANALYZER_NUMBER_OBJECT_CONVERSION = YES_AGGRESSIVE;
				CLANG_CXX_LANGUAGE_STANDARD = "gnu++20";
				CLANG_ENABLE_MODULES = YES;
				CLANG_ENABLE_OBJC_ARC = YES;
				CLANG_ENABLE_OBJC_WEAK = YES;
				CLANG_WARN_BLOCK_CAPTURE_AUTORELEASING = YES;
				CLANG_WARN_BOOL_CONVERSION = YES;
				CLANG_WARN_COMMA = YES;
				CLANG_WARN_CONSTANT_CONVERSION = YES;
				CLANG_WARN_DEPRECATED_OBJC_IMPLEMENTATIONS = YES;
				CLANG_WARN_DIRECT_OBJC_ISA_USAGE = YES_ERROR;
				CLANG_WARN_DOCUMENTATION_COMMENTS = YES;
				CLANG_WARN_EMPTY_BODY = YES;
				CLANG_WARN_ENUM_CONVERSION = YES;
				CLANG_WARN_INFINITE_RECURSION = YES;
				CLANG_WARN_INT_CONVERSION = YES;
				CLANG_WARN_NON_LITERAL_NULL_CONVERSION = YES;
				CLANG_WARN_OBJC_IMPLICIT_RETAIN_SELF = YES;
				CLANG_WARN_OBJC_LITERAL_CONVERSION = YES;
				CLANG_WARN_OBJC_ROOT_CLASS = YES_ERROR;
				CLANG_WARN_QUOTED_INCLUDE_IN_FRAMEWORK_HEADER = YES;
				CLANG_WARN_RANGE_LOOP_ANALYSIS = YES;
				CLANG_WARN_STRICT_PROTOTYPES = YES;
				CLANG_WARN_SUSPICIOUS_MOVE = YES;
				CLANG_WARN_UNGUARDED_AVAILABILITY = YES_AGGRESSIVE;
				CLANG_WARN_UNREACHABLE_CODE = YES;
				CLANG_WARN__DUPLICATE_METHOD_MATCH = YES;
				COPY_PHASE_STRIP = NO;
				DEBUG_INFORMATION_FORMAT = dwarf;
				ENABLE_STRICT_OBJC_MSGSEND = YES;
				ENABLE_TESTABILITY = YES;
				GCC_C_LANGUAGE_STANDARD = gnu11;
				GCC_DYNAMIC_NO_PIC = NO;
				GCC_NO_COMMON_BLOCKS = YES;
				GCC_OPTIMIZATION_LEVEL = 0;
				GCC_PREPROCESSOR_DEFINITIONS = (
					"DEBUG=1",
					"$(inherited)",
				);
				GCC_WARN_64_TO_32_BIT_CONVERSION = YES;
				GCC_WARN_ABOUT_RETURN_TYPE = YES_ERROR;
				GCC_WARN_UNDECLARED_SELECTOR = YES;
				GCC_WARN_UNINITIALIZED_AUTOS = YES_AGGRESSIVE;
				GCC_WARN_UNUSED_FUNCTION = YES;
				GCC_WARN_UNUSED_VARIABLE = YES;
				IPHONEOS_DEPLOYMENT_TARGET = 17.6;
				MTL_ENABLE_DEBUG_INFO = INCLUDE_SOURCE;
				MTL_FAST_MATH = YES;
				ONLY_ACTIVE_ARCH = YES;
				SDKROOT = iphoneos;
				SWIFT_ACTIVE_COMPILATION_CONDITIONS = DEBUG;
				SWIFT_OPTIMIZATION_LEVEL = "-Onone";
			};
			name = Debug;
		};
		9408C5C929A0A5EC005DE2EE /* Release */ = {
			isa = XCBuildConfiguration;
			buildSettings = {
				ALWAYS_SEARCH_USER_PATHS = NO;
				CLANG_ANALYZER_NONNULL = YES;
				CLANG_ANALYZER_NUMBER_OBJECT_CONVERSION = YES_AGGRESSIVE;
				CLANG_CXX_LANGUAGE_STANDARD = "gnu++20";
				CLANG_ENABLE_MODULES = YES;
				CLANG_ENABLE_OBJC_ARC = YES;
				CLANG_ENABLE_OBJC_WEAK = YES;
				CLANG_WARN_BLOCK_CAPTURE_AUTORELEASING = YES;
				CLANG_WARN_BOOL_CONVERSION = YES;
				CLANG_WARN_COMMA = YES;
				CLANG_WARN_CONSTANT_CONVERSION = YES;
				CLANG_WARN_DEPRECATED_OBJC_IMPLEMENTATIONS = YES;
				CLANG_WARN_DIRECT_OBJC_ISA_USAGE = YES_ERROR;
				CLANG_WARN_DOCUMENTATION_COMMENTS = YES;
				CLANG_WARN_EMPTY_BODY = YES;
				CLANG_WARN_ENUM_CONVERSION = YES;
				CLANG_WARN_INFINITE_RECURSION = YES;
				CLANG_WARN_INT_CONVERSION = YES;
				CLANG_WARN_NON_LITERAL_NULL_CONVERSION = YES;
				CLANG_WARN_OBJC_IMPLICIT_RETAIN_SELF = YES;
				CLANG_WARN_OBJC_LITERAL_CONVERSION = YES;
				CLANG_WARN_OBJC_ROOT_CLASS = YES_ERROR;
				CLANG_WARN_QUOTED_INCLUDE_IN_FRAMEWORK_HEADER = YES;
				CLANG_WARN_RANGE_LOOP_ANALYSIS = YES;
				CLANG_WARN_STRICT_PROTOTYPES = YES;
				CLANG_WARN_SUSPICIOUS_MOVE = YES;
				CLANG_WARN_UNGUARDED_AVAILABILITY = YES_AGGRESSIVE;
				CLANG_WARN_UNREACHABLE_CODE = YES;
				CLANG_WARN__DUPLICATE_METHOD_MATCH = YES;
				COPY_PHASE_STRIP = NO;
				DEBUG_INFORMATION_FORMAT = "dwarf-with-dsym";
				ENABLE_NS_ASSERTIONS = NO;
				ENABLE_STRICT_OBJC_MSGSEND = YES;
				GCC_C_LANGUAGE_STANDARD = gnu11;
				GCC_NO_COMMON_BLOCKS = YES;
				GCC_WARN_64_TO_32_BIT_CONVERSION = YES;
				GCC_WARN_ABOUT_RETURN_TYPE = YES_ERROR;
				GCC_WARN_UNDECLARED_SELECTOR = YES;
				GCC_WARN_UNINITIALIZED_AUTOS = YES_AGGRESSIVE;
				GCC_WARN_UNUSED_FUNCTION = YES;
				GCC_WARN_UNUSED_VARIABLE = YES;
				IPHONEOS_DEPLOYMENT_TARGET = 17.6;
				MTL_ENABLE_DEBUG_INFO = NO;
				MTL_FAST_MATH = YES;
				SDKROOT = iphoneos;
				SWIFT_COMPILATION_MODE = wholemodule;
				SWIFT_OPTIMIZATION_LEVEL = "-O";
				VALIDATE_PRODUCT = YES;
			};
			name = Release;
		};
		9408C5CB29A0A5EC005DE2EE /* Debug */ = {
			isa = XCBuildConfiguration;
			baseConfigurationReference = 94AC7DC12AF07E3C0080633B /* Configurations.xcconfig */;
			buildSettings = {
				ASSETCATALOG_COMPILER_APPICON_NAME = AppIcon;
				ASSETCATALOG_COMPILER_GLOBAL_ACCENT_COLOR_NAME = AccentColor;
				CODE_SIGN_STYLE = Automatic;
				CURRENT_PROJECT_VERSION = 1;
				DEVELOPMENT_ASSET_PATHS = "\"BusTime/Preview Content\"";
				DEVELOPMENT_TEAM = NDBTK98VL3;
				ENABLE_PREVIEWS = YES;
				GENERATE_INFOPLIST_FILE = YES;
				INFOPLIST_FILE = BusTime/Info.plist;
				INFOPLIST_KEY_UIApplicationSceneManifest_Generation = YES;
				INFOPLIST_KEY_UIApplicationSupportsIndirectInputEvents = YES;
				INFOPLIST_KEY_UILaunchScreen_Generation = YES;
				INFOPLIST_KEY_UISupportedInterfaceOrientations_iPad = "UIInterfaceOrientationPortrait UIInterfaceOrientationPortraitUpsideDown UIInterfaceOrientationLandscapeLeft UIInterfaceOrientationLandscapeRight";
				INFOPLIST_KEY_UISupportedInterfaceOrientations_iPhone = "UIInterfaceOrientationPortrait UIInterfaceOrientationLandscapeLeft UIInterfaceOrientationLandscapeRight";
				IPHONEOS_DEPLOYMENT_TARGET = 17.0;
				LD_RUNPATH_SEARCH_PATHS = (
					"$(inherited)",
					"@executable_path/Frameworks",
				);
				MARKETING_VERSION = 1.0;
				PRODUCT_BUNDLE_IDENTIFIER = com.jingweili.BusTime;
				PRODUCT_NAME = "$(TARGET_NAME)";
				SWIFT_EMIT_LOC_STRINGS = YES;
				SWIFT_VERSION = 5.0;
				TARGETED_DEVICE_FAMILY = "1,2";
			};
			name = Debug;
		};
		9408C5CC29A0A5EC005DE2EE /* Release */ = {
			isa = XCBuildConfiguration;
			baseConfigurationReference = 94AC7DC12AF07E3C0080633B /* Configurations.xcconfig */;
			buildSettings = {
				ASSETCATALOG_COMPILER_APPICON_NAME = AppIcon;
				ASSETCATALOG_COMPILER_GLOBAL_ACCENT_COLOR_NAME = AccentColor;
				CODE_SIGN_STYLE = Automatic;
				CURRENT_PROJECT_VERSION = 1;
				DEVELOPMENT_ASSET_PATHS = "\"BusTime/Preview Content\"";
				DEVELOPMENT_TEAM = NDBTK98VL3;
				ENABLE_PREVIEWS = YES;
				GENERATE_INFOPLIST_FILE = YES;
				INFOPLIST_FILE = BusTime/Info.plist;
				INFOPLIST_KEY_UIApplicationSceneManifest_Generation = YES;
				INFOPLIST_KEY_UIApplicationSupportsIndirectInputEvents = YES;
				INFOPLIST_KEY_UILaunchScreen_Generation = YES;
				INFOPLIST_KEY_UISupportedInterfaceOrientations_iPad = "UIInterfaceOrientationPortrait UIInterfaceOrientationPortraitUpsideDown UIInterfaceOrientationLandscapeLeft UIInterfaceOrientationLandscapeRight";
				INFOPLIST_KEY_UISupportedInterfaceOrientations_iPhone = "UIInterfaceOrientationPortrait UIInterfaceOrientationLandscapeLeft UIInterfaceOrientationLandscapeRight";
				IPHONEOS_DEPLOYMENT_TARGET = 17.0;
				LD_RUNPATH_SEARCH_PATHS = (
					"$(inherited)",
					"@executable_path/Frameworks",
				);
				MARKETING_VERSION = 1.0;
				PRODUCT_BUNDLE_IDENTIFIER = com.jingweili.BusTime;
				PRODUCT_NAME = "$(TARGET_NAME)";
				SWIFT_EMIT_LOC_STRINGS = YES;
				SWIFT_VERSION = 5.0;
				TARGETED_DEVICE_FAMILY = "1,2";
			};
			name = Release;
		};
		9408C5CE29A0A5EC005DE2EE /* Debug */ = {
			isa = XCBuildConfiguration;
			baseConfigurationReference = 94AC7DC12AF07E3C0080633B /* Configurations.xcconfig */;
			buildSettings = {
				BUNDLE_LOADER = "$(TEST_HOST)";
				CODE_SIGN_STYLE = Automatic;
				CURRENT_PROJECT_VERSION = 1;
				DEVELOPMENT_TEAM = NDBTK98VL3;
				GENERATE_INFOPLIST_FILE = YES;
				IPHONEOS_DEPLOYMENT_TARGET = 16.2;
				MARKETING_VERSION = 1.0;
				PRODUCT_BUNDLE_IDENTIFIER = com.jingweili.BusTimeTests;
				PRODUCT_NAME = "$(TARGET_NAME)";
				SWIFT_EMIT_LOC_STRINGS = NO;
				SWIFT_VERSION = 5.0;
				TARGETED_DEVICE_FAMILY = "1,2";
				TEST_HOST = "$(BUILT_PRODUCTS_DIR)/BusTime.app/$(BUNDLE_EXECUTABLE_FOLDER_PATH)/BusTime";
			};
			name = Debug;
		};
		9408C5CF29A0A5EC005DE2EE /* Release */ = {
			isa = XCBuildConfiguration;
			baseConfigurationReference = 94AC7DC12AF07E3C0080633B /* Configurations.xcconfig */;
			buildSettings = {
				BUNDLE_LOADER = "$(TEST_HOST)";
				CODE_SIGN_STYLE = Automatic;
				CURRENT_PROJECT_VERSION = 1;
				DEVELOPMENT_TEAM = NDBTK98VL3;
				GENERATE_INFOPLIST_FILE = YES;
				IPHONEOS_DEPLOYMENT_TARGET = 16.2;
				MARKETING_VERSION = 1.0;
				PRODUCT_BUNDLE_IDENTIFIER = com.jingweili.BusTimeTests;
				PRODUCT_NAME = "$(TARGET_NAME)";
				SWIFT_EMIT_LOC_STRINGS = NO;
				SWIFT_VERSION = 5.0;
				TARGETED_DEVICE_FAMILY = "1,2";
				TEST_HOST = "$(BUILT_PRODUCTS_DIR)/BusTime.app/$(BUNDLE_EXECUTABLE_FOLDER_PATH)/BusTime";
			};
			name = Release;
		};
		9408C5D129A0A5EC005DE2EE /* Debug */ = {
			isa = XCBuildConfiguration;
			baseConfigurationReference = 94AC7DC12AF07E3C0080633B /* Configurations.xcconfig */;
			buildSettings = {
				CODE_SIGN_STYLE = Automatic;
				CURRENT_PROJECT_VERSION = 1;
				DEVELOPMENT_TEAM = NDBTK98VL3;
				GENERATE_INFOPLIST_FILE = YES;
				MARKETING_VERSION = 1.0;
				PRODUCT_BUNDLE_IDENTIFIER = com.jingweili.BusTimeUITests;
				PRODUCT_NAME = "$(TARGET_NAME)";
				SWIFT_EMIT_LOC_STRINGS = NO;
				SWIFT_VERSION = 5.0;
				TARGETED_DEVICE_FAMILY = "1,2";
				TEST_TARGET_NAME = BusTime;
			};
			name = Debug;
		};
		9408C5D229A0A5EC005DE2EE /* Release */ = {
			isa = XCBuildConfiguration;
			baseConfigurationReference = 94AC7DC12AF07E3C0080633B /* Configurations.xcconfig */;
			buildSettings = {
				CODE_SIGN_STYLE = Automatic;
				CURRENT_PROJECT_VERSION = 1;
				DEVELOPMENT_TEAM = NDBTK98VL3;
				GENERATE_INFOPLIST_FILE = YES;
				MARKETING_VERSION = 1.0;
				PRODUCT_BUNDLE_IDENTIFIER = com.jingweili.BusTimeUITests;
				PRODUCT_NAME = "$(TARGET_NAME)";
				SWIFT_EMIT_LOC_STRINGS = NO;
				SWIFT_VERSION = 5.0;
				TARGETED_DEVICE_FAMILY = "1,2";
				TEST_TARGET_NAME = BusTime;
			};
			name = Release;
		};
		949EC4222EC820030031F6EC /* Debug */ = {
			isa = XCBuildConfiguration;
			buildSettings = {
				ASSETCATALOG_COMPILER_GENERATE_SWIFT_ASSET_SYMBOL_EXTENSIONS = YES;
				ASSETCATALOG_COMPILER_GLOBAL_ACCENT_COLOR_NAME = AccentColor;
				ASSETCATALOG_COMPILER_WIDGET_BACKGROUND_COLOR_NAME = WidgetBackground;
				CODE_SIGN_STYLE = Automatic;
				CURRENT_PROJECT_VERSION = 1;
				DEVELOPMENT_TEAM = NDBTK98VL3;
				ENABLE_USER_SCRIPT_SANDBOXING = YES;
				GCC_C_LANGUAGE_STANDARD = gnu17;
				GENERATE_INFOPLIST_FILE = YES;
				INFOPLIST_FILE = LiveActivityWidget/Info.plist;
				INFOPLIST_KEY_CFBundleDisplayName = LiveActivityWidget;
				INFOPLIST_KEY_NSHumanReadableCopyright = "";
				IPHONEOS_DEPLOYMENT_TARGET = 26.0;
				LD_RUNPATH_SEARCH_PATHS = (
					"$(inherited)",
					"@executable_path/Frameworks",
					"@executable_path/../../Frameworks",
				);
				LOCALIZATION_PREFERS_STRING_CATALOGS = YES;
				MARKETING_VERSION = 1.0;
				PRODUCT_BUNDLE_IDENTIFIER = com.jingweili.BusTime.LiveActivityWidget;
				PRODUCT_NAME = "$(TARGET_NAME)";
				SKIP_INSTALL = YES;
				STRING_CATALOG_GENERATE_SYMBOLS = YES;
				SUPPORTED_PLATFORMS = "iphoneos iphonesimulator";
				SUPPORTS_MACCATALYST = NO;
				SUPPORTS_MAC_DESIGNED_FOR_IPHONE_IPAD = NO;
				SUPPORTS_XR_DESIGNED_FOR_IPHONE_IPAD = NO;
				SWIFT_ACTIVE_COMPILATION_CONDITIONS = "DEBUG $(inherited)";
				SWIFT_APPROACHABLE_CONCURRENCY = YES;
				SWIFT_EMIT_LOC_STRINGS = YES;
				SWIFT_UPCOMING_FEATURE_MEMBER_IMPORT_VISIBILITY = YES;
				SWIFT_VERSION = 5.0;
				TARGETED_DEVICE_FAMILY = "1,2";
			};
			name = Debug;
		};
		949EC4232EC820030031F6EC /* Release */ = {
			isa = XCBuildConfiguration;
			buildSettings = {
				ASSETCATALOG_COMPILER_GENERATE_SWIFT_ASSET_SYMBOL_EXTENSIONS = YES;
				ASSETCATALOG_COMPILER_GLOBAL_ACCENT_COLOR_NAME = AccentColor;
				ASSETCATALOG_COMPILER_WIDGET_BACKGROUND_COLOR_NAME = WidgetBackground;
				CODE_SIGN_STYLE = Automatic;
				CURRENT_PROJECT_VERSION = 1;
				DEVELOPMENT_TEAM = NDBTK98VL3;
				ENABLE_USER_SCRIPT_SANDBOXING = YES;
				GCC_C_LANGUAGE_STANDARD = gnu17;
				GENERATE_INFOPLIST_FILE = YES;
				INFOPLIST_FILE = LiveActivityWidget/Info.plist;
				INFOPLIST_KEY_CFBundleDisplayName = LiveActivityWidget;
				INFOPLIST_KEY_NSHumanReadableCopyright = "";
				IPHONEOS_DEPLOYMENT_TARGET = 26.0;
				LD_RUNPATH_SEARCH_PATHS = (
					"$(inherited)",
					"@executable_path/Frameworks",
					"@executable_path/../../Frameworks",
				);
				LOCALIZATION_PREFERS_STRING_CATALOGS = YES;
				MARKETING_VERSION = 1.0;
				PRODUCT_BUNDLE_IDENTIFIER = com.jingweili.BusTime.LiveActivityWidget;
				PRODUCT_NAME = "$(TARGET_NAME)";
				SKIP_INSTALL = YES;
				STRING_CATALOG_GENERATE_SYMBOLS = YES;
				SUPPORTED_PLATFORMS = "iphoneos iphonesimulator";
				SUPPORTS_MACCATALYST = NO;
				SUPPORTS_MAC_DESIGNED_FOR_IPHONE_IPAD = NO;
				SUPPORTS_XR_DESIGNED_FOR_IPHONE_IPAD = NO;
				SWIFT_APPROACHABLE_CONCURRENCY = YES;
				SWIFT_EMIT_LOC_STRINGS = YES;
				SWIFT_UPCOMING_FEATURE_MEMBER_IMPORT_VISIBILITY = YES;
				SWIFT_VERSION = 5.0;
				TARGETED_DEVICE_FAMILY = "1,2";
			};
			name = Release;
		};
		949EC43A2EC8242C0031F6EC /* Debug */ = {
			isa = XCBuildConfiguration;
			buildSettings = {
				ASSETCATALOG_COMPILER_GENERATE_SWIFT_ASSET_SYMBOL_EXTENSIONS = YES;
				BUILD_LIBRARY_FOR_DISTRIBUTION = YES;
				CODE_SIGN_STYLE = Automatic;
				CURRENT_PROJECT_VERSION = 1;
				DEVELOPMENT_TEAM = NDBTK98VL3;
				DYLIB_COMPATIBILITY_VERSION = 1;
				DYLIB_CURRENT_VERSION = 1;
				DYLIB_INSTALL_NAME_BASE = "@rpath";
				ENABLE_MODULE_VERIFIER = YES;
				ENABLE_USER_SCRIPT_SANDBOXING = YES;
				GCC_C_LANGUAGE_STANDARD = gnu17;
				GENERATE_INFOPLIST_FILE = YES;
				INFOPLIST_KEY_NSHumanReadableCopyright = "";
				INSTALL_PATH = "$(LOCAL_LIBRARY_DIR)/Frameworks";
				IPHONEOS_DEPLOYMENT_TARGET = 17.0;
				LD_RUNPATH_SEARCH_PATHS = (
					"$(inherited)",
					"@executable_path/Frameworks",
					"@loader_path/Frameworks",
				);
				LOCALIZATION_PREFERS_STRING_CATALOGS = YES;
				MARKETING_VERSION = 1.0;
				MODULE_VERIFIER_SUPPORTED_LANGUAGES = "objective-c objective-c++";
				MODULE_VERIFIER_SUPPORTED_LANGUAGE_STANDARDS = "gnu17 gnu++20";
				PRODUCT_BUNDLE_IDENTIFIER = com.jingweili.BusTime.SharedIOS;
				PRODUCT_NAME = "$(TARGET_NAME:c99extidentifier)";
				SKIP_INSTALL = YES;
				STRING_CATALOG_GENERATE_SYMBOLS = YES;
				SUPPORTED_PLATFORMS = "iphoneos iphonesimulator";
				SUPPORTS_MACCATALYST = NO;
				SUPPORTS_MAC_DESIGNED_FOR_IPHONE_IPAD = NO;
				SUPPORTS_XR_DESIGNED_FOR_IPHONE_IPAD = NO;
				SWIFT_ACTIVE_COMPILATION_CONDITIONS = "DEBUG $(inherited)";
				SWIFT_APPROACHABLE_CONCURRENCY = YES;
				SWIFT_EMIT_LOC_STRINGS = YES;
				SWIFT_INSTALL_MODULE = YES;
				SWIFT_INSTALL_OBJC_HEADER = NO;
				SWIFT_UPCOMING_FEATURE_MEMBER_IMPORT_VISIBILITY = YES;
				SWIFT_VERSION = 5.0;
				TARGETED_DEVICE_FAMILY = "1,2";
				VERSIONING_SYSTEM = "apple-generic";
				VERSION_INFO_PREFIX = "";
			};
			name = Debug;
		};
		949EC43B2EC8242C0031F6EC /* Release */ = {
			isa = XCBuildConfiguration;
			buildSettings = {
				ASSETCATALOG_COMPILER_GENERATE_SWIFT_ASSET_SYMBOL_EXTENSIONS = YES;
				BUILD_LIBRARY_FOR_DISTRIBUTION = YES;
				CODE_SIGN_STYLE = Automatic;
				CURRENT_PROJECT_VERSION = 1;
				DEVELOPMENT_TEAM = NDBTK98VL3;
				DYLIB_COMPATIBILITY_VERSION = 1;
				DYLIB_CURRENT_VERSION = 1;
				DYLIB_INSTALL_NAME_BASE = "@rpath";
				ENABLE_MODULE_VERIFIER = YES;
				ENABLE_USER_SCRIPT_SANDBOXING = YES;
				GCC_C_LANGUAGE_STANDARD = gnu17;
				GENERATE_INFOPLIST_FILE = YES;
				INFOPLIST_KEY_NSHumanReadableCopyright = "";
				INSTALL_PATH = "$(LOCAL_LIBRARY_DIR)/Frameworks";
				IPHONEOS_DEPLOYMENT_TARGET = 17.0;
				LD_RUNPATH_SEARCH_PATHS = (
					"$(inherited)",
					"@executable_path/Frameworks",
					"@loader_path/Frameworks",
				);
				LOCALIZATION_PREFERS_STRING_CATALOGS = YES;
				MARKETING_VERSION = 1.0;
				MODULE_VERIFIER_SUPPORTED_LANGUAGES = "objective-c objective-c++";
				MODULE_VERIFIER_SUPPORTED_LANGUAGE_STANDARDS = "gnu17 gnu++20";
				PRODUCT_BUNDLE_IDENTIFIER = com.jingweili.BusTime.SharedIOS;
				PRODUCT_NAME = "$(TARGET_NAME:c99extidentifier)";
				SKIP_INSTALL = YES;
				STRING_CATALOG_GENERATE_SYMBOLS = YES;
				SUPPORTED_PLATFORMS = "iphoneos iphonesimulator";
				SUPPORTS_MACCATALYST = NO;
				SUPPORTS_MAC_DESIGNED_FOR_IPHONE_IPAD = NO;
				SUPPORTS_XR_DESIGNED_FOR_IPHONE_IPAD = NO;
				SWIFT_APPROACHABLE_CONCURRENCY = YES;
				SWIFT_EMIT_LOC_STRINGS = YES;
				SWIFT_INSTALL_MODULE = YES;
				SWIFT_INSTALL_OBJC_HEADER = NO;
				SWIFT_UPCOMING_FEATURE_MEMBER_IMPORT_VISIBILITY = YES;
				SWIFT_VERSION = 5.0;
				TARGETED_DEVICE_FAMILY = "1,2";
				VERSIONING_SYSTEM = "apple-generic";
				VERSION_INFO_PREFIX = "";
			};
			name = Release;
		};
		94CFD3582D05559D00E64052 /* Debug */ = {
			isa = XCBuildConfiguration;
			baseConfigurationReference = 94AC7DC12AF07E3C0080633B /* Configurations.xcconfig */;
			buildSettings = {
				ALLOW_TARGET_PLATFORM_SPECIALIZATION = YES;
				ASSETCATALOG_COMPILER_GENERATE_SWIFT_ASSET_SYMBOL_EXTENSIONS = YES;
				BUILD_LIBRARY_FOR_DISTRIBUTION = YES;
				CODE_SIGN_STYLE = Automatic;
				CURRENT_PROJECT_VERSION = 1;
				DEFINES_MODULE = YES;
				DEVELOPMENT_TEAM = NDBTK98VL3;
				DYLIB_COMPATIBILITY_VERSION = 1;
				DYLIB_CURRENT_VERSION = 1;
				DYLIB_INSTALL_NAME_BASE = "@rpath";
				ENABLE_MODULE_VERIFIER = YES;
				ENABLE_USER_SCRIPT_SANDBOXING = YES;
				GCC_C_LANGUAGE_STANDARD = gnu17;
				GENERATE_INFOPLIST_FILE = YES;
				INFOPLIST_KEY_NSHumanReadableCopyright = "";
				INSTALL_PATH = "$(LOCAL_LIBRARY_DIR)/Frameworks";
				IPHONEOS_DEPLOYMENT_TARGET = 18.0;
				LD_RUNPATH_SEARCH_PATHS = (
					"@executable_path/Frameworks",
					"@loader_path/Frameworks",
				);
				"LD_RUNPATH_SEARCH_PATHS[sdk=macosx*]" = (
					"@executable_path/../Frameworks",
					"@loader_path/Frameworks",
				);
				LOCALIZATION_PREFERS_STRING_CATALOGS = YES;
				MACOSX_DEPLOYMENT_TARGET = 15.0;
				MARKETING_VERSION = 1.0;
				MODULE_VERIFIER_SUPPORTED_LANGUAGES = "objective-c objective-c++";
				MODULE_VERIFIER_SUPPORTED_LANGUAGE_STANDARDS = "gnu17 gnu++20";
				PRODUCT_BUNDLE_IDENTIFIER = com.andersonli.Shared;
				PRODUCT_NAME = "$(TARGET_NAME:c99extidentifier)";
				SDKROOT = auto;
				SKIP_INSTALL = YES;
				SUPPORTED_PLATFORMS = "iphoneos iphonesimulator watchos watchsimulator";
				SUPPORTS_MACCATALYST = NO;
				SWIFT_ACTIVE_COMPILATION_CONDITIONS = "DEBUG $(inherited)";
				SWIFT_EMIT_LOC_STRINGS = YES;
				SWIFT_INSTALL_OBJC_HEADER = NO;
				SWIFT_VERSION = 5.0;
				TARGETED_DEVICE_FAMILY = "1,2,4";
				VERSIONING_SYSTEM = "apple-generic";
				VERSION_INFO_PREFIX = "";
				XROS_DEPLOYMENT_TARGET = 2.0;
			};
			name = Debug;
		};
		94CFD3592D05559D00E64052 /* Release */ = {
			isa = XCBuildConfiguration;
			baseConfigurationReference = 94AC7DC12AF07E3C0080633B /* Configurations.xcconfig */;
			buildSettings = {
				ALLOW_TARGET_PLATFORM_SPECIALIZATION = YES;
				ASSETCATALOG_COMPILER_GENERATE_SWIFT_ASSET_SYMBOL_EXTENSIONS = YES;
				BUILD_LIBRARY_FOR_DISTRIBUTION = YES;
				CODE_SIGN_STYLE = Automatic;
				CURRENT_PROJECT_VERSION = 1;
				DEFINES_MODULE = YES;
				DEVELOPMENT_TEAM = NDBTK98VL3;
				DYLIB_COMPATIBILITY_VERSION = 1;
				DYLIB_CURRENT_VERSION = 1;
				DYLIB_INSTALL_NAME_BASE = "@rpath";
				ENABLE_MODULE_VERIFIER = YES;
				ENABLE_USER_SCRIPT_SANDBOXING = YES;
				GCC_C_LANGUAGE_STANDARD = gnu17;
				GENERATE_INFOPLIST_FILE = YES;
				INFOPLIST_KEY_NSHumanReadableCopyright = "";
				INSTALL_PATH = "$(LOCAL_LIBRARY_DIR)/Frameworks";
				IPHONEOS_DEPLOYMENT_TARGET = 18.0;
				LD_RUNPATH_SEARCH_PATHS = (
					"@executable_path/Frameworks",
					"@loader_path/Frameworks",
				);
				"LD_RUNPATH_SEARCH_PATHS[sdk=macosx*]" = (
					"@executable_path/../Frameworks",
					"@loader_path/Frameworks",
				);
				LOCALIZATION_PREFERS_STRING_CATALOGS = YES;
				MACOSX_DEPLOYMENT_TARGET = 15.0;
				MARKETING_VERSION = 1.0;
				MODULE_VERIFIER_SUPPORTED_LANGUAGES = "objective-c objective-c++";
				MODULE_VERIFIER_SUPPORTED_LANGUAGE_STANDARDS = "gnu17 gnu++20";
				PRODUCT_BUNDLE_IDENTIFIER = com.andersonli.Shared;
				PRODUCT_NAME = "$(TARGET_NAME:c99extidentifier)";
				SDKROOT = auto;
				SKIP_INSTALL = YES;
				SUPPORTED_PLATFORMS = "iphoneos iphonesimulator watchos watchsimulator";
				SUPPORTS_MACCATALYST = NO;
				SWIFT_EMIT_LOC_STRINGS = YES;
				SWIFT_INSTALL_OBJC_HEADER = NO;
				SWIFT_VERSION = 5.0;
				TARGETED_DEVICE_FAMILY = "1,2,4";
				VERSIONING_SYSTEM = "apple-generic";
				VERSION_INFO_PREFIX = "";
				XROS_DEPLOYMENT_TARGET = 2.0;
			};
			name = Release;
		};
		94CFD35B2D05559D00E64052 /* Debug */ = {
			isa = XCBuildConfiguration;
			buildSettings = {
				ALLOW_TARGET_PLATFORM_SPECIALIZATION = YES;
				ASSETCATALOG_COMPILER_GENERATE_SWIFT_ASSET_SYMBOL_EXTENSIONS = YES;
				CODE_SIGN_STYLE = Automatic;
				CURRENT_PROJECT_VERSION = 1;
				DEVELOPMENT_TEAM = NDBTK98VL3;
				ENABLE_USER_SCRIPT_SANDBOXING = YES;
				GCC_C_LANGUAGE_STANDARD = gnu17;
				GENERATE_INFOPLIST_FILE = YES;
				IPHONEOS_DEPLOYMENT_TARGET = 18.0;
				LOCALIZATION_PREFERS_STRING_CATALOGS = YES;
				MACOSX_DEPLOYMENT_TARGET = 15.0;
				MARKETING_VERSION = 1.0;
				PRODUCT_BUNDLE_IDENTIFIER = com.andersonli.SharedTests;
				PRODUCT_NAME = "$(TARGET_NAME)";
				SDKROOT = auto;
				SUPPORTED_PLATFORMS = "iphoneos iphonesimulator macosx xros xrsimulator";
				SWIFT_ACTIVE_COMPILATION_CONDITIONS = "DEBUG $(inherited)";
				SWIFT_EMIT_LOC_STRINGS = NO;
				SWIFT_VERSION = 5.0;
				TARGETED_DEVICE_FAMILY = "1,2,7";
				TEST_HOST = "$(BUILT_PRODUCTS_DIR)/BusTime.app/$(BUNDLE_EXECUTABLE_FOLDER_PATH)/BusTime";
				XROS_DEPLOYMENT_TARGET = 2.0;
			};
			name = Debug;
		};
		94CFD35C2D05559D00E64052 /* Release */ = {
			isa = XCBuildConfiguration;
			buildSettings = {
				ALLOW_TARGET_PLATFORM_SPECIALIZATION = YES;
				ASSETCATALOG_COMPILER_GENERATE_SWIFT_ASSET_SYMBOL_EXTENSIONS = YES;
				CODE_SIGN_STYLE = Automatic;
				CURRENT_PROJECT_VERSION = 1;
				DEVELOPMENT_TEAM = NDBTK98VL3;
				ENABLE_USER_SCRIPT_SANDBOXING = YES;
				GCC_C_LANGUAGE_STANDARD = gnu17;
				GENERATE_INFOPLIST_FILE = YES;
				IPHONEOS_DEPLOYMENT_TARGET = 18.0;
				LOCALIZATION_PREFERS_STRING_CATALOGS = YES;
				MACOSX_DEPLOYMENT_TARGET = 15.0;
				MARKETING_VERSION = 1.0;
				PRODUCT_BUNDLE_IDENTIFIER = com.andersonli.SharedTests;
				PRODUCT_NAME = "$(TARGET_NAME)";
				SDKROOT = auto;
				SUPPORTED_PLATFORMS = "iphoneos iphonesimulator macosx xros xrsimulator";
				SWIFT_EMIT_LOC_STRINGS = NO;
				SWIFT_VERSION = 5.0;
				TARGETED_DEVICE_FAMILY = "1,2,7";
				TEST_HOST = "$(BUILT_PRODUCTS_DIR)/BusTime.app/$(BUNDLE_EXECUTABLE_FOLDER_PATH)/BusTime";
				XROS_DEPLOYMENT_TARGET = 2.0;
			};
			name = Release;
		};
		94CFD3D42D055F7C00E64052 /* Debug */ = {
			isa = XCBuildConfiguration;
			baseConfigurationReference = 94AC7DC12AF07E3C0080633B /* Configurations.xcconfig */;
			buildSettings = {
				ASSETCATALOG_COMPILER_APPICON_NAME = AppIcon;
				ASSETCATALOG_COMPILER_GENERATE_SWIFT_ASSET_SYMBOL_EXTENSIONS = YES;
				ASSETCATALOG_COMPILER_GLOBAL_ACCENT_COLOR_NAME = AccentColor;
				CODE_SIGN_STYLE = Automatic;
				CURRENT_PROJECT_VERSION = 1;
				DEVELOPMENT_ASSET_PATHS = "\"BusTimeAppleWatch Watch App/Preview Content\"";
				DEVELOPMENT_TEAM = NDBTK98VL3;
				ENABLE_PREVIEWS = YES;
				ENABLE_USER_SCRIPT_SANDBOXING = YES;
				GCC_C_LANGUAGE_STANDARD = gnu17;
				GENERATE_INFOPLIST_FILE = YES;
				INFOPLIST_FILE = "BusTimeAppleWatch-Watch-App-Info.plist";
				INFOPLIST_KEY_CFBundleDisplayName = BusTimeAppleWatch;
				INFOPLIST_KEY_UISupportedInterfaceOrientations = "UIInterfaceOrientationPortrait UIInterfaceOrientationPortraitUpsideDown";
				INFOPLIST_KEY_WKCompanionAppBundleIdentifier = com.jingweili.BusTime;
				LD_RUNPATH_SEARCH_PATHS = (
					"$(inherited)",
					"@executable_path/Frameworks",
				);
				LOCALIZATION_PREFERS_STRING_CATALOGS = YES;
				MARKETING_VERSION = 1.0;
				PRODUCT_BUNDLE_IDENTIFIER = com.jingweili.BusTime.watchkitapp;
				PRODUCT_NAME = "$(TARGET_NAME)";
				SDKROOT = watchos;
				SKIP_INSTALL = YES;
				SWIFT_ACTIVE_COMPILATION_CONDITIONS = "DEBUG $(inherited)";
				SWIFT_EMIT_LOC_STRINGS = YES;
				SWIFT_VERSION = 5.0;
				TARGETED_DEVICE_FAMILY = 4;
				WATCHOS_DEPLOYMENT_TARGET = 10.6;
			};
			name = Debug;
		};
		94CFD3D52D055F7C00E64052 /* Release */ = {
			isa = XCBuildConfiguration;
			baseConfigurationReference = 94AC7DC12AF07E3C0080633B /* Configurations.xcconfig */;
			buildSettings = {
				ASSETCATALOG_COMPILER_APPICON_NAME = AppIcon;
				ASSETCATALOG_COMPILER_GENERATE_SWIFT_ASSET_SYMBOL_EXTENSIONS = YES;
				ASSETCATALOG_COMPILER_GLOBAL_ACCENT_COLOR_NAME = AccentColor;
				CODE_SIGN_STYLE = Automatic;
				CURRENT_PROJECT_VERSION = 1;
				DEVELOPMENT_ASSET_PATHS = "\"BusTimeAppleWatch Watch App/Preview Content\"";
				DEVELOPMENT_TEAM = NDBTK98VL3;
				ENABLE_PREVIEWS = YES;
				ENABLE_USER_SCRIPT_SANDBOXING = YES;
				GCC_C_LANGUAGE_STANDARD = gnu17;
				GENERATE_INFOPLIST_FILE = YES;
				INFOPLIST_FILE = "BusTimeAppleWatch-Watch-App-Info.plist";
				INFOPLIST_KEY_CFBundleDisplayName = BusTimeAppleWatch;
				INFOPLIST_KEY_UISupportedInterfaceOrientations = "UIInterfaceOrientationPortrait UIInterfaceOrientationPortraitUpsideDown";
				INFOPLIST_KEY_WKCompanionAppBundleIdentifier = com.jingweili.BusTime;
				LD_RUNPATH_SEARCH_PATHS = (
					"$(inherited)",
					"@executable_path/Frameworks",
				);
				LOCALIZATION_PREFERS_STRING_CATALOGS = YES;
				MARKETING_VERSION = 1.0;
				PRODUCT_BUNDLE_IDENTIFIER = com.jingweili.BusTime.watchkitapp;
				PRODUCT_NAME = "$(TARGET_NAME)";
				SDKROOT = watchos;
				SKIP_INSTALL = YES;
				SWIFT_EMIT_LOC_STRINGS = YES;
				SWIFT_VERSION = 5.0;
				TARGETED_DEVICE_FAMILY = 4;
				WATCHOS_DEPLOYMENT_TARGET = 10.6;
			};
			name = Release;
		};
		94CFD4202D0607F200E64052 /* Debug */ = {
			isa = XCBuildConfiguration;
			baseConfigurationReference = 94AC7DC12AF07E3C0080633B /* Configurations.xcconfig */;
			buildSettings = {
				ASSETCATALOG_COMPILER_GENERATE_SWIFT_ASSET_SYMBOL_EXTENSIONS = YES;
				ASSETCATALOG_COMPILER_GLOBAL_ACCENT_COLOR_NAME = AccentColor;
				ASSETCATALOG_COMPILER_WIDGET_BACKGROUND_COLOR_NAME = WidgetBackground;
				CODE_SIGN_STYLE = Automatic;
				CURRENT_PROJECT_VERSION = 1;
				DEVELOPMENT_TEAM = NDBTK98VL3;
				ENABLE_USER_SCRIPT_SANDBOXING = YES;
				GCC_C_LANGUAGE_STANDARD = gnu17;
				GENERATE_INFOPLIST_FILE = YES;
				INFOPLIST_FILE = BusTimeAppleWatchWidgets/Info.plist;
				INFOPLIST_KEY_CFBundleDisplayName = BusTimeAppleWatchWidgets;
				INFOPLIST_KEY_NSHumanReadableCopyright = "";
				LD_RUNPATH_SEARCH_PATHS = (
					"$(inherited)",
					"@executable_path/Frameworks",
					"@executable_path/../../Frameworks",
					"@executable_path/../../../../Frameworks",
				);
				LOCALIZATION_PREFERS_STRING_CATALOGS = YES;
				MARKETING_VERSION = 1.0;
				PRODUCT_BUNDLE_IDENTIFIER = com.jingweili.BusTime.watchkitapp.BusTimeAppleWatchWidgets;
				PRODUCT_NAME = "$(TARGET_NAME)";
				SDKROOT = watchos;
				SKIP_INSTALL = YES;
				SUPPORTED_PLATFORMS = "watchos watchsimulator";
				SUPPORTS_MACCATALYST = NO;
				SWIFT_ACTIVE_COMPILATION_CONDITIONS = "DEBUG $(inherited)";
				SWIFT_EMIT_LOC_STRINGS = YES;
				SWIFT_VERSION = 5.0;
				TARGETED_DEVICE_FAMILY = 4;
				WATCHOS_DEPLOYMENT_TARGET = 10.6;
			};
			name = Debug;
		};
		94CFD4212D0607F200E64052 /* Release */ = {
			isa = XCBuildConfiguration;
			baseConfigurationReference = 94AC7DC12AF07E3C0080633B /* Configurations.xcconfig */;
			buildSettings = {
				ASSETCATALOG_COMPILER_GENERATE_SWIFT_ASSET_SYMBOL_EXTENSIONS = YES;
				ASSETCATALOG_COMPILER_GLOBAL_ACCENT_COLOR_NAME = AccentColor;
				ASSETCATALOG_COMPILER_WIDGET_BACKGROUND_COLOR_NAME = WidgetBackground;
				CODE_SIGN_STYLE = Automatic;
				CURRENT_PROJECT_VERSION = 1;
				DEVELOPMENT_TEAM = NDBTK98VL3;
				ENABLE_USER_SCRIPT_SANDBOXING = YES;
				GCC_C_LANGUAGE_STANDARD = gnu17;
				GENERATE_INFOPLIST_FILE = YES;
				INFOPLIST_FILE = BusTimeAppleWatchWidgets/Info.plist;
				INFOPLIST_KEY_CFBundleDisplayName = BusTimeAppleWatchWidgets;
				INFOPLIST_KEY_NSHumanReadableCopyright = "";
				LD_RUNPATH_SEARCH_PATHS = (
					"$(inherited)",
					"@executable_path/Frameworks",
					"@executable_path/../../Frameworks",
					"@executable_path/../../../../Frameworks",
				);
				LOCALIZATION_PREFERS_STRING_CATALOGS = YES;
				MARKETING_VERSION = 1.0;
				PRODUCT_BUNDLE_IDENTIFIER = com.jingweili.BusTime.watchkitapp.BusTimeAppleWatchWidgets;
				PRODUCT_NAME = "$(TARGET_NAME)";
				SDKROOT = watchos;
				SKIP_INSTALL = YES;
				SUPPORTED_PLATFORMS = "watchos watchsimulator";
				SUPPORTS_MACCATALYST = NO;
				SWIFT_EMIT_LOC_STRINGS = YES;
				SWIFT_VERSION = 5.0;
				TARGETED_DEVICE_FAMILY = 4;
				WATCHOS_DEPLOYMENT_TARGET = 10.6;
			};
			name = Release;
		};
/* End XCBuildConfiguration section */

/* Begin XCConfigurationList section */
		9408C5A129A0A5EA005DE2EE /* Build configuration list for PBXProject "BusTime" */ = {
			isa = XCConfigurationList;
			buildConfigurations = (
				9408C5C829A0A5EC005DE2EE /* Debug */,
				9408C5C929A0A5EC005DE2EE /* Release */,
			);
			defaultConfigurationIsVisible = 0;
			defaultConfigurationName = Release;
		};
		9408C5CA29A0A5EC005DE2EE /* Build configuration list for PBXNativeTarget "BusTime" */ = {
			isa = XCConfigurationList;
			buildConfigurations = (
				9408C5CB29A0A5EC005DE2EE /* Debug */,
				9408C5CC29A0A5EC005DE2EE /* Release */,
			);
			defaultConfigurationIsVisible = 0;
			defaultConfigurationName = Release;
		};
		9408C5CD29A0A5EC005DE2EE /* Build configuration list for PBXNativeTarget "BusTimeTests" */ = {
			isa = XCConfigurationList;
			buildConfigurations = (
				9408C5CE29A0A5EC005DE2EE /* Debug */,
				9408C5CF29A0A5EC005DE2EE /* Release */,
			);
			defaultConfigurationIsVisible = 0;
			defaultConfigurationName = Release;
		};
		9408C5D029A0A5EC005DE2EE /* Build configuration list for PBXNativeTarget "BusTimeUITests" */ = {
			isa = XCConfigurationList;
			buildConfigurations = (
				9408C5D129A0A5EC005DE2EE /* Debug */,
				9408C5D229A0A5EC005DE2EE /* Release */,
			);
			defaultConfigurationIsVisible = 0;
			defaultConfigurationName = Release;
		};
		949EC4252EC820030031F6EC /* Build configuration list for PBXNativeTarget "LiveActivityWidgetExtension" */ = {
			isa = XCConfigurationList;
			buildConfigurations = (
				949EC4222EC820030031F6EC /* Debug */,
				949EC4232EC820030031F6EC /* Release */,
			);
			defaultConfigurationIsVisible = 0;
			defaultConfigurationName = Release;
		};
		949EC4392EC8242C0031F6EC /* Build configuration list for PBXNativeTarget "SharedIOS" */ = {
			isa = XCConfigurationList;
			buildConfigurations = (
				949EC43A2EC8242C0031F6EC /* Debug */,
				949EC43B2EC8242C0031F6EC /* Release */,
			);
			defaultConfigurationIsVisible = 0;
			defaultConfigurationName = Release;
		};
		94CFD3572D05559D00E64052 /* Build configuration list for PBXNativeTarget "Shared" */ = {
			isa = XCConfigurationList;
			buildConfigurations = (
				94CFD3582D05559D00E64052 /* Debug */,
				94CFD3592D05559D00E64052 /* Release */,
			);
			defaultConfigurationIsVisible = 0;
			defaultConfigurationName = Release;
		};
		94CFD35A2D05559D00E64052 /* Build configuration list for PBXNativeTarget "SharedTests" */ = {
			isa = XCConfigurationList;
			buildConfigurations = (
				94CFD35B2D05559D00E64052 /* Debug */,
				94CFD35C2D05559D00E64052 /* Release */,
			);
			defaultConfigurationIsVisible = 0;
			defaultConfigurationName = Release;
		};
		94CFD3D62D055F7C00E64052 /* Build configuration list for PBXNativeTarget "BusTimeAppleWatch Watch App" */ = {
			isa = XCConfigurationList;
			buildConfigurations = (
				94CFD3D42D055F7C00E64052 /* Debug */,
				94CFD3D52D055F7C00E64052 /* Release */,
			);
			defaultConfigurationIsVisible = 0;
			defaultConfigurationName = Release;
		};
		94CFD41F2D0607F200E64052 /* Build configuration list for PBXNativeTarget "BusTimeAppleWatchWidgetsExtension" */ = {
			isa = XCConfigurationList;
			buildConfigurations = (
				94CFD4202D0607F200E64052 /* Debug */,
				94CFD4212D0607F200E64052 /* Release */,
			);
			defaultConfigurationIsVisible = 0;
			defaultConfigurationName = Release;
		};
/* End XCConfigurationList section */
	};
	rootObject = 9408C59E29A0A5EA005DE2EE /* Project object */;
}
