// !$*UTF8*$!
{
	archiveVersion = 1;
	classes = {
	};
	objectVersion = 56;
	objects = {

/* Begin PBXBuildFile section */
		9408C5AA29A0A5EA005DE2EE /* BusTimeApp.swift in Sources */ = {isa = PBXBuildFile; fileRef = 9408C5A929A0A5EA005DE2EE /* BusTimeApp.swift */; };
		9408C5AC29A0A5EA005DE2EE /* ContentView.swift in Sources */ = {isa = PBXBuildFile; fileRef = 9408C5AB29A0A5EA005DE2EE /* ContentView.swift */; };
		9408C5AE29A0A5EB005DE2EE /* Assets.xcassets in Resources */ = {isa = PBXBuildFile; fileRef = 9408C5AD29A0A5EB005DE2EE /* Assets.xcassets */; };
		9408C5B129A0A5EB005DE2EE /* Preview Assets.xcassets in Resources */ = {isa = PBXBuildFile; fileRef = 9408C5B029A0A5EB005DE2EE /* Preview Assets.xcassets */; };
		9408C5BB29A0A5EC005DE2EE /* BusTimeTests.swift in Sources */ = {isa = PBXBuildFile; fileRef = 9408C5BA29A0A5EC005DE2EE /* BusTimeTests.swift */; };
		9408C5C529A0A5EC005DE2EE /* BusTimeUITests.swift in Sources */ = {isa = PBXBuildFile; fileRef = 9408C5C429A0A5EC005DE2EE /* BusTimeUITests.swift */; };
		9408C5C729A0A5EC005DE2EE /* BusTimeUITestsLaunchTests.swift in Sources */ = {isa = PBXBuildFile; fileRef = 9408C5C629A0A5EC005DE2EE /* BusTimeUITestsLaunchTests.swift */; };
		9408C5D829A0A68D005DE2EE /* GetRequest.swift in Sources */ = {isa = PBXBuildFile; fileRef = 9408C5D729A0A68D005DE2EE /* GetRequest.swift */; };
		9408C5DB29A0A741005DE2EE /* BusTimeAPI.swift in Sources */ = {isa = PBXBuildFile; fileRef = 9408C5DA29A0A741005DE2EE /* BusTimeAPI.swift */; };
		9408C5DD29A0A863005DE2EE /* ServiceDelivery.swift in Sources */ = {isa = PBXBuildFile; fileRef = 9408C5DC29A0A863005DE2EE /* ServiceDelivery.swift */; };
		9408C5E029A0ADA2005DE2EE /* StopMonitoringView.swift in Sources */ = {isa = PBXBuildFile; fileRef = 9408C5DF29A0ADA2005DE2EE /* StopMonitoringView.swift */; };
		9408C5E229A0ADB3005DE2EE /* StopMonitoringViewModel.swift in Sources */ = {isa = PBXBuildFile; fileRef = 9408C5E129A0ADB3005DE2EE /* StopMonitoringViewModel.swift */; };
		9408C5E529A18635005DE2EE /* RouteDetailView.swift in Sources */ = {isa = PBXBuildFile; fileRef = 9408C5E429A18635005DE2EE /* RouteDetailView.swift */; };
		9408C5E729A18728005DE2EE /* RouteDetailViewModel.swift in Sources */ = {isa = PBXBuildFile; fileRef = 9408C5E629A18728005DE2EE /* RouteDetailViewModel.swift */; };
		9408C5EB29A1892A005DE2EE /* KeyValueCell.swift in Sources */ = {isa = PBXBuildFile; fileRef = 9408C5EA29A1892A005DE2EE /* KeyValueCell.swift */; };
		9408C5EE29A1BFD7005DE2EE /* MoreOptionsView.swift in Sources */ = {isa = PBXBuildFile; fileRef = 9408C5ED29A1BFD7005DE2EE /* MoreOptionsView.swift */; };
		940950D42B902EB10097A88D /* AlertDescriptionView.swift in Sources */ = {isa = PBXBuildFile; fileRef = 940950D32B902EB10097A88D /* AlertDescriptionView.swift */; };
		948365652C40CE74006FB730 /* ItineraryMapView.swift in Sources */ = {isa = PBXBuildFile; fileRef = 948365642C40CE74006FB730 /* ItineraryMapView.swift */; };
		948365672C40D0BD006FB730 /* Itinerary.swift in Sources */ = {isa = PBXBuildFile; fileRef = 948365662C40D0BD006FB730 /* Itinerary.swift */; };
		94B404122BF84746002006E9 /* Tag.swift in Sources */ = {isa = PBXBuildFile; fileRef = 94B404112BF84746002006E9 /* Tag.swift */; };
/* End PBXBuildFile section */

/* Begin PBXContainerItemProxy section */
		9408C5B729A0A5EC005DE2EE /* PBXContainerItemProxy */ = {
			isa = PBXContainerItemProxy;
			containerPortal = 9408C59E29A0A5EA005DE2EE /* Project object */;
			proxyType = 1;
			remoteGlobalIDString = 9408C5A529A0A5EA005DE2EE;
			remoteInfo = BusTime;
		};
		9408C5C129A0A5EC005DE2EE /* PBXContainerItemProxy */ = {
			isa = PBXContainerItemProxy;
			containerPortal = 9408C59E29A0A5EA005DE2EE /* Project object */;
			proxyType = 1;
			remoteGlobalIDString = 9408C5A529A0A5EA005DE2EE;
			remoteInfo = BusTime;
		};
/* End PBXContainerItemProxy section */

/* Begin PBXFileReference section */
		9408C5A629A0A5EA005DE2EE /* BusTime.app */ = {isa = PBXFileReference; explicitFileType = wrapper.application; includeInIndex = 0; path = BusTime.app; sourceTree = BUILT_PRODUCTS_DIR; };
		9408C5A929A0A5EA005DE2EE /* BusTimeApp.swift */ = {isa = PBXFileReference; lastKnownFileType = sourcecode.swift; path = BusTimeApp.swift; sourceTree = "<group>"; };
		9408C5AB29A0A5EA005DE2EE /* ContentView.swift */ = {isa = PBXFileReference; lastKnownFileType = sourcecode.swift; path = ContentView.swift; sourceTree = "<group>"; };
		9408C5AD29A0A5EB005DE2EE /* Assets.xcassets */ = {isa = PBXFileReference; lastKnownFileType = folder.assetcatalog; path = Assets.xcassets; sourceTree = "<group>"; };
		9408C5B029A0A5EB005DE2EE /* Preview Assets.xcassets */ = {isa = PBXFileReference; lastKnownFileType = folder.assetcatalog; path = "Preview Assets.xcassets"; sourceTree = "<group>"; };
		9408C5B629A0A5EC005DE2EE /* BusTimeTests.xctest */ = {isa = PBXFileReference; explicitFileType = wrapper.cfbundle; includeInIndex = 0; path = BusTimeTests.xctest; sourceTree = BUILT_PRODUCTS_DIR; };
		9408C5BA29A0A5EC005DE2EE /* BusTimeTests.swift */ = {isa = PBXFileReference; lastKnownFileType = sourcecode.swift; path = BusTimeTests.swift; sourceTree = "<group>"; };
		9408C5C029A0A5EC005DE2EE /* BusTimeUITests.xctest */ = {isa = PBXFileReference; explicitFileType = wrapper.cfbundle; includeInIndex = 0; path = BusTimeUITests.xctest; sourceTree = BUILT_PRODUCTS_DIR; };
		9408C5C429A0A5EC005DE2EE /* BusTimeUITests.swift */ = {isa = PBXFileReference; lastKnownFileType = sourcecode.swift; path = BusTimeUITests.swift; sourceTree = "<group>"; };
		9408C5C629A0A5EC005DE2EE /* BusTimeUITestsLaunchTests.swift */ = {isa = PBXFileReference; lastKnownFileType = sourcecode.swift; path = BusTimeUITestsLaunchTests.swift; sourceTree = "<group>"; };
		9408C5D729A0A68D005DE2EE /* GetRequest.swift */ = {isa = PBXFileReference; lastKnownFileType = sourcecode.swift; path = GetRequest.swift; sourceTree = "<group>"; };
		9408C5DA29A0A741005DE2EE /* BusTimeAPI.swift */ = {isa = PBXFileReference; lastKnownFileType = sourcecode.swift; path = BusTimeAPI.swift; sourceTree = "<group>"; };
		9408C5DC29A0A863005DE2EE /* ServiceDelivery.swift */ = {isa = PBXFileReference; lastKnownFileType = sourcecode.swift; path = ServiceDelivery.swift; sourceTree = "<group>"; };
		9408C5DF29A0ADA2005DE2EE /* StopMonitoringView.swift */ = {isa = PBXFileReference; lastKnownFileType = sourcecode.swift; path = StopMonitoringView.swift; sourceTree = "<group>"; };
		9408C5E129A0ADB3005DE2EE /* StopMonitoringViewModel.swift */ = {isa = PBXFileReference; lastKnownFileType = sourcecode.swift; path = StopMonitoringViewModel.swift; sourceTree = "<group>"; };
		9408C5E429A18635005DE2EE /* RouteDetailView.swift */ = {isa = PBXFileReference; lastKnownFileType = sourcecode.swift; path = RouteDetailView.swift; sourceTree = "<group>"; };
		9408C5E629A18728005DE2EE /* RouteDetailViewModel.swift */ = {isa = PBXFileReference; lastKnownFileType = sourcecode.swift; path = RouteDetailViewModel.swift; sourceTree = "<group>"; };
		9408C5EA29A1892A005DE2EE /* KeyValueCell.swift */ = {isa = PBXFileReference; lastKnownFileType = sourcecode.swift; path = KeyValueCell.swift; sourceTree = "<group>"; };
		9408C5ED29A1BFD7005DE2EE /* MoreOptionsView.swift */ = {isa = PBXFileReference; lastKnownFileType = sourcecode.swift; path = MoreOptionsView.swift; sourceTree = "<group>"; };
		940950D32B902EB10097A88D /* AlertDescriptionView.swift */ = {isa = PBXFileReference; lastKnownFileType = sourcecode.swift; path = AlertDescriptionView.swift; sourceTree = "<group>"; };
		948365642C40CE74006FB730 /* ItineraryMapView.swift */ = {isa = PBXFileReference; lastKnownFileType = sourcecode.swift; path = ItineraryMapView.swift; sourceTree = "<group>"; };
		948365662C40D0BD006FB730 /* Itinerary.swift */ = {isa = PBXFileReference; lastKnownFileType = sourcecode.swift; path = Itinerary.swift; sourceTree = "<group>"; };
		94AC7DC12AF07E3C0080633B /* Configurations.xcconfig */ = {isa = PBXFileReference; lastKnownFileType = text.xcconfig; path = Configurations.xcconfig; sourceTree = "<group>"; };
		94AC7DC22AF07F8C0080633B /* Info.plist */ = {isa = PBXFileReference; lastKnownFileType = text.plist; path = Info.plist; sourceTree = "<group>"; };
		94B404112BF84746002006E9 /* Tag.swift */ = {isa = PBXFileReference; lastKnownFileType = sourcecode.swift; path = Tag.swift; sourceTree = "<group>"; };
/* End PBXFileReference section */

/* Begin PBXFrameworksBuildPhase section */
		9408C5A329A0A5EA005DE2EE /* Frameworks */ = {
			isa = PBXFrameworksBuildPhase;
			buildActionMask = 2147483647;
			files = (
			);
			runOnlyForDeploymentPostprocessing = 0;
		};
		9408C5B329A0A5EC005DE2EE /* Frameworks */ = {
			isa = PBXFrameworksBuildPhase;
			buildActionMask = 2147483647;
			files = (
			);
			runOnlyForDeploymentPostprocessing = 0;
		};
		9408C5BD29A0A5EC005DE2EE /* Frameworks */ = {
			isa = PBXFrameworksBuildPhase;
			buildActionMask = 2147483647;
			files = (
			);
			runOnlyForDeploymentPostprocessing = 0;
		};
/* End PBXFrameworksBuildPhase section */

/* Begin PBXGroup section */
		9408C59D29A0A5EA005DE2EE = {
			isa = PBXGroup;
			children = (
				9408C5A829A0A5EA005DE2EE /* BusTime */,
				9408C5B929A0A5EC005DE2EE /* BusTimeTests */,
				9408C5C329A0A5EC005DE2EE /* BusTimeUITests */,
				9408C5A729A0A5EA005DE2EE /* Products */,
			);
			sourceTree = "<group>";
		};
		9408C5A729A0A5EA005DE2EE /* Products */ = {
			isa = PBXGroup;
			children = (
				9408C5A629A0A5EA005DE2EE /* BusTime.app */,
				9408C5B629A0A5EC005DE2EE /* BusTimeTests.xctest */,
				9408C5C029A0A5EC005DE2EE /* BusTimeUITests.xctest */,
			);
			name = Products;
			sourceTree = "<group>";
		};
		9408C5A829A0A5EA005DE2EE /* BusTime */ = {
			isa = PBXGroup;
			children = (
				94AC7DC22AF07F8C0080633B /* Info.plist */,
				9408C5EC29A1BFB9005DE2EE /* MoreOptionsView */,
				9408C5E329A18617005DE2EE /* RouteDetailView */,
				9408C5DE29A0AD87005DE2EE /* StopMonitoringView */,
				9408C5D929A0A733005DE2EE /* Models */,
				9408C5D629A0A675005DE2EE /* Networking */,
				9408C5A929A0A5EA005DE2EE /* BusTimeApp.swift */,
				9408C5AB29A0A5EA005DE2EE /* ContentView.swift */,
				9408C5AD29A0A5EB005DE2EE /* Assets.xcassets */,
				9408C5AF29A0A5EB005DE2EE /* Preview Content */,
				94AC7DC12AF07E3C0080633B /* Configurations.xcconfig */,
			);
			path = BusTime;
			sourceTree = "<group>";
		};
		9408C5AF29A0A5EB005DE2EE /* Preview Content */ = {
			isa = PBXGroup;
			children = (
				9408C5B029A0A5EB005DE2EE /* Preview Assets.xcassets */,
			);
			path = "Preview Content";
			sourceTree = "<group>";
		};
		9408C5B929A0A5EC005DE2EE /* BusTimeTests */ = {
			isa = PBXGroup;
			children = (
				9408C5BA29A0A5EC005DE2EE /* BusTimeTests.swift */,
			);
			path = BusTimeTests;
			sourceTree = "<group>";
		};
		9408C5C329A0A5EC005DE2EE /* BusTimeUITests */ = {
			isa = PBXGroup;
			children = (
				9408C5C429A0A5EC005DE2EE /* BusTimeUITests.swift */,
				9408C5C629A0A5EC005DE2EE /* BusTimeUITestsLaunchTests.swift */,
			);
			path = BusTimeUITests;
			sourceTree = "<group>";
		};
		9408C5D629A0A675005DE2EE /* Networking */ = {
			isa = PBXGroup;
			children = (
				9408C5D729A0A68D005DE2EE /* GetRequest.swift */,
			);
			path = Networking;
			sourceTree = "<group>";
		};
		9408C5D929A0A733005DE2EE /* Models */ = {
			isa = PBXGroup;
			children = (
				9408C5DA29A0A741005DE2EE /* BusTimeAPI.swift */,
				9408C5DC29A0A863005DE2EE /* ServiceDelivery.swift */,
				948365662C40D0BD006FB730 /* Itinerary.swift */,
			);
			path = Models;
			sourceTree = "<group>";
		};
		9408C5DE29A0AD87005DE2EE /* StopMonitoringView */ = {
			isa = PBXGroup;
			children = (
				9408C5DF29A0ADA2005DE2EE /* StopMonitoringView.swift */,
				9408C5E129A0ADB3005DE2EE /* StopMonitoringViewModel.swift */,
				94B404112BF84746002006E9 /* Tag.swift */,
			);
			path = StopMonitoringView;
			sourceTree = "<group>";
		};
		9408C5E329A18617005DE2EE /* RouteDetailView */ = {
			isa = PBXGroup;
			children = (
				9408C5E429A18635005DE2EE /* RouteDetailView.swift */,
				9408C5E629A18728005DE2EE /* RouteDetailViewModel.swift */,
				9408C5EA29A1892A005DE2EE /* KeyValueCell.swift */,
				940950D32B902EB10097A88D /* AlertDescriptionView.swift */,
			);
			path = RouteDetailView;
			sourceTree = "<group>";
		};
		9408C5EC29A1BFB9005DE2EE /* MoreOptionsView */ = {
			isa = PBXGroup;
			children = (
				948365632C40CE66006FB730 /* LondonTrip */,
				9408C5ED29A1BFD7005DE2EE /* MoreOptionsView.swift */,
			);
			path = MoreOptionsView;
			sourceTree = "<group>";
		};
		948365632C40CE66006FB730 /* LondonTrip */ = {
			isa = PBXGroup;
			children = (
				948365642C40CE74006FB730 /* ItineraryMapView.swift */,
			);
			path = LondonTrip;
			sourceTree = "<group>";
		};
/* End PBXGroup section */

/* Begin PBXNativeTarget section */
		9408C5A529A0A5EA005DE2EE /* BusTime */ = {
			isa = PBXNativeTarget;
			buildConfigurationList = 9408C5CA29A0A5EC005DE2EE /* Build configuration list for PBXNativeTarget "BusTime" */;
			buildPhases = (
				9408C5A229A0A5EA005DE2EE /* Sources */,
				9408C5A329A0A5EA005DE2EE /* Frameworks */,
				9408C5A429A0A5EA005DE2EE /* Resources */,
			);
			buildRules = (
			);
			dependencies = (
			);
			name = BusTime;
			packageProductDependencies = (
			);
			productName = BusTime;
			productReference = 9408C5A629A0A5EA005DE2EE /* BusTime.app */;
			productType = "com.apple.product-type.application";
		};
		9408C5B529A0A5EC005DE2EE /* BusTimeTests */ = {
			isa = PBXNativeTarget;
			buildConfigurationList = 9408C5CD29A0A5EC005DE2EE /* Build configuration list for PBXNativeTarget "BusTimeTests" */;
			buildPhases = (
				9408C5B229A0A5EC005DE2EE /* Sources */,
				9408C5B329A0A5EC005DE2EE /* Frameworks */,
				9408C5B429A0A5EC005DE2EE /* Resources */,
			);
			buildRules = (
			);
			dependencies = (
				9408C5B829A0A5EC005DE2EE /* PBXTargetDependency */,
			);
			name = BusTimeTests;
			productName = BusTimeTests;
			productReference = 9408C5B629A0A5EC005DE2EE /* BusTimeTests.xctest */;
			productType = "com.apple.product-type.bundle.unit-test";
		};
		9408C5BF29A0A5EC005DE2EE /* BusTimeUITests */ = {
			isa = PBXNativeTarget;
			buildConfigurationList = 9408C5D029A0A5EC005DE2EE /* Build configuration list for PBXNativeTarget "BusTimeUITests" */;
			buildPhases = (
				9408C5BC29A0A5EC005DE2EE /* Sources */,
				9408C5BD29A0A5EC005DE2EE /* Frameworks */,
				9408C5BE29A0A5EC005DE2EE /* Resources */,
			);
			buildRules = (
			);
			dependencies = (
				9408C5C229A0A5EC005DE2EE /* PBXTargetDependency */,
			);
			name = BusTimeUITests;
			productName = BusTimeUITests;
			productReference = 9408C5C029A0A5EC005DE2EE /* BusTimeUITests.xctest */;
			productType = "com.apple.product-type.bundle.ui-testing";
		};
/* End PBXNativeTarget section */

/* Begin PBXProject section */
		9408C59E29A0A5EA005DE2EE /* Project object */ = {
			isa = PBXProject;
			attributes = {
				BuildIndependentTargetsInParallel = 1;
				LastSwiftUpdateCheck = 1420;
				LastUpgradeCheck = 1420;
				TargetAttributes = {
					9408C5A529A0A5EA005DE2EE = {
						CreatedOnToolsVersion = 14.2;
					};
					9408C5B529A0A5EC005DE2EE = {
						CreatedOnToolsVersion = 14.2;
						TestTargetID = 9408C5A529A0A5EA005DE2EE;
					};
					9408C5BF29A0A5EC005DE2EE = {
						CreatedOnToolsVersion = 14.2;
						TestTargetID = 9408C5A529A0A5EA005DE2EE;
					};
				};
			};
			buildConfigurationList = 9408C5A129A0A5EA005DE2EE /* Build configuration list for PBXProject "BusTime" */;
			compatibilityVersion = "Xcode 14.0";
			developmentRegion = en;
			hasScannedForEncodings = 0;
			knownRegions = (
				en,
				Base,
			);
			mainGroup = 9408C59D29A0A5EA005DE2EE;
			packageReferences = (
			);
			productRefGroup = 9408C5A729A0A5EA005DE2EE /* Products */;
			projectDirPath = "";
			projectRoot = "";
			targets = (
				9408C5A529A0A5EA005DE2EE /* BusTime */,
				9408C5B529A0A5EC005DE2EE /* BusTimeTests */,
				9408C5BF29A0A5EC005DE2EE /* BusTimeUITests */,
			);
		};
/* End PBXProject section */

/* Begin PBXResourcesBuildPhase section */
		9408C5A429A0A5EA005DE2EE /* Resources */ = {
			isa = PBXResourcesBuildPhase;
			buildActionMask = 2147483647;
			files = (
				9408C5B129A0A5EB005DE2EE /* Preview Assets.xcassets in Resources */,
				9408C5AE29A0A5EB005DE2EE /* Assets.xcassets in Resources */,
			);
			runOnlyForDeploymentPostprocessing = 0;
		};
		9408C5B429A0A5EC005DE2EE /* Resources */ = {
			isa = PBXResourcesBuildPhase;
			buildActionMask = 2147483647;
			files = (
			);
			runOnlyForDeploymentPostprocessing = 0;
		};
		9408C5BE29A0A5EC005DE2EE /* Resources */ = {
			isa = PBXResourcesBuildPhase;
			buildActionMask = 2147483647;
			files = (
			);
			runOnlyForDeploymentPostprocessing = 0;
		};
/* End PBXResourcesBuildPhase section */

/* Begin PBXSourcesBuildPhase section */
		9408C5A229A0A5EA005DE2EE /* Sources */ = {
			isa = PBXSourcesBuildPhase;
			buildActionMask = 2147483647;
			files = (
				9408C5E029A0ADA2005DE2EE /* StopMonitoringView.swift in Sources */,
				9408C5E729A18728005DE2EE /* RouteDetailViewModel.swift in Sources */,
				9408C5AC29A0A5EA005DE2EE /* ContentView.swift in Sources */,
				9408C5DD29A0A863005DE2EE /* ServiceDelivery.swift in Sources */,
				948365672C40D0BD006FB730 /* Itinerary.swift in Sources */,
				9408C5E229A0ADB3005DE2EE /* StopMonitoringViewModel.swift in Sources */,
				948365652C40CE74006FB730 /* ItineraryMapView.swift in Sources */,
				9408C5AA29A0A5EA005DE2EE /* BusTimeApp.swift in Sources */,
				9408C5EE29A1BFD7005DE2EE /* MoreOptionsView.swift in Sources */,
				9408C5E529A18635005DE2EE /* RouteDetailView.swift in Sources */,
				940950D42B902EB10097A88D /* AlertDescriptionView.swift in Sources */,
				9408C5DB29A0A741005DE2EE /* BusTimeAPI.swift in Sources */,
				9408C5D829A0A68D005DE2EE /* GetRequest.swift in Sources */,
				9408C5EB29A1892A005DE2EE /* KeyValueCell.swift in Sources */,
				94B404122BF84746002006E9 /* Tag.swift in Sources */,
			);
			runOnlyForDeploymentPostprocessing = 0;
		};
		9408C5B229A0A5EC005DE2EE /* Sources */ = {
			isa = PBXSourcesBuildPhase;
			buildActionMask = 2147483647;
			files = (
				9408C5BB29A0A5EC005DE2EE /* BusTimeTests.swift in Sources */,
			);
			runOnlyForDeploymentPostprocessing = 0;
		};
		9408C5BC29A0A5EC005DE2EE /* Sources */ = {
			isa = PBXSourcesBuildPhase;
			buildActionMask = 2147483647;
			files = (
				9408C5C729A0A5EC005DE2EE /* BusTimeUITestsLaunchTests.swift in Sources */,
				9408C5C529A0A5EC005DE2EE /* BusTimeUITests.swift in Sources */,
			);
			runOnlyForDeploymentPostprocessing = 0;
		};
/* End PBXSourcesBuildPhase section */

/* Begin PBXTargetDependency section */
		9408C5B829A0A5EC005DE2EE /* PBXTargetDependency */ = {
			isa = PBXTargetDependency;
			target = 9408C5A529A0A5EA005DE2EE /* BusTime */;
			targetProxy = 9408C5B729A0A5EC005DE2EE /* PBXContainerItemProxy */;
		};
		9408C5C229A0A5EC005DE2EE /* PBXTargetDependency */ = {
			isa = PBXTargetDependency;
			target = 9408C5A529A0A5EA005DE2EE /* BusTime */;
			targetProxy = 9408C5C129A0A5EC005DE2EE /* PBXContainerItemProxy */;
		};
/* End PBXTargetDependency section */

/* Begin XCBuildConfiguration section */
		9408C5C829A0A5EC005DE2EE /* Debug */ = {
			isa = XCBuildConfiguration;
			buildSettings = {
				ALWAYS_SEARCH_USER_PATHS = NO;
				CLANG_ANALYZER_NONNULL = YES;
				CLANG_ANALYZER_NUMBER_OBJECT_CONVERSION = YES_AGGRESSIVE;
				CLANG_CXX_LANGUAGE_STANDARD = "gnu++20";
				CLANG_ENABLE_MODULES = YES;
				CLANG_ENABLE_OBJC_ARC = YES;
				CLANG_ENABLE_OBJC_WEAK = YES;
				CLANG_WARN_BLOCK_CAPTURE_AUTORELEASING = YES;
				CLANG_WARN_BOOL_CONVERSION = YES;
				CLANG_WARN_COMMA = YES;
				CLANG_WARN_CONSTANT_CONVERSION = YES;
				CLANG_WARN_DEPRECATED_OBJC_IMPLEMENTATIONS = YES;
				CLANG_WARN_DIRECT_OBJC_ISA_USAGE = YES_ERROR;
				CLANG_WARN_DOCUMENTATION_COMMENTS = YES;
				CLANG_WARN_EMPTY_BODY = YES;
				CLANG_WARN_ENUM_CONVERSION = YES;
				CLANG_WARN_INFINITE_RECURSION = YES;
				CLANG_WARN_INT_CONVERSION = YES;
				CLANG_WARN_NON_LITERAL_NULL_CONVERSION = YES;
				CLANG_WARN_OBJC_IMPLICIT_RETAIN_SELF = YES;
				CLANG_WARN_OBJC_LITERAL_CONVERSION = YES;
				CLANG_WARN_OBJC_ROOT_CLASS = YES_ERROR;
				CLANG_WARN_QUOTED_INCLUDE_IN_FRAMEWORK_HEADER = YES;
				CLANG_WARN_RANGE_LOOP_ANALYSIS = YES;
				CLANG_WARN_STRICT_PROTOTYPES = YES;
				CLANG_WARN_SUSPICIOUS_MOVE = YES;
				CLANG_WARN_UNGUARDED_AVAILABILITY = YES_AGGRESSIVE;
				CLANG_WARN_UNREACHABLE_CODE = YES;
				CLANG_WARN__DUPLICATE_METHOD_MATCH = YES;
				COPY_PHASE_STRIP = NO;
				DEBUG_INFORMATION_FORMAT = dwarf;
				ENABLE_STRICT_OBJC_MSGSEND = YES;
				ENABLE_TESTABILITY = YES;
				GCC_C_LANGUAGE_STANDARD = gnu11;
				GCC_DYNAMIC_NO_PIC = NO;
				GCC_NO_COMMON_BLOCKS = YES;
				GCC_OPTIMIZATION_LEVEL = 0;
				GCC_PREPROCESSOR_DEFINITIONS = (
					"DEBUG=1",
					"$(inherited)",
				);
				GCC_WARN_64_TO_32_BIT_CONVERSION = YES;
				GCC_WARN_ABOUT_RETURN_TYPE = YES_ERROR;
				GCC_WARN_UNDECLARED_SELECTOR = YES;
				GCC_WARN_UNINITIALIZED_AUTOS = YES_AGGRESSIVE;
				GCC_WARN_UNUSED_FUNCTION = YES;
				GCC_WARN_UNUSED_VARIABLE = YES;
				IPHONEOS_DEPLOYMENT_TARGET = 16.2;
				MTL_ENABLE_DEBUG_INFO = INCLUDE_SOURCE;
				MTL_FAST_MATH = YES;
				ONLY_ACTIVE_ARCH = YES;
				SDKROOT = iphoneos;
				SWIFT_ACTIVE_COMPILATION_CONDITIONS = DEBUG;
				SWIFT_OPTIMIZATION_LEVEL = "-Onone";
			};
			name = Debug;
		};
		9408C5C929A0A5EC005DE2EE /* Release */ = {
			isa = XCBuildConfiguration;
			buildSettings = {
				ALWAYS_SEARCH_USER_PATHS = NO;
				CLANG_ANALYZER_NONNULL = YES;
				CLANG_ANALYZER_NUMBER_OBJECT_CONVERSION = YES_AGGRESSIVE;
				CLANG_CXX_LANGUAGE_STANDARD = "gnu++20";
				CLANG_ENABLE_MODULES = YES;
				CLANG_ENABLE_OBJC_ARC = YES;
				CLANG_ENABLE_OBJC_WEAK = YES;
				CLANG_WARN_BLOCK_CAPTURE_AUTORELEASING = YES;
				CLANG_WARN_BOOL_CONVERSION = YES;
				CLANG_WARN_COMMA = YES;
				CLANG_WARN_CONSTANT_CONVERSION = YES;
				CLANG_WARN_DEPRECATED_OBJC_IMPLEMENTATIONS = YES;
				CLANG_WARN_DIRECT_OBJC_ISA_USAGE = YES_ERROR;
				CLANG_WARN_DOCUMENTATION_COMMENTS = YES;
				CLANG_WARN_EMPTY_BODY = YES;
				CLANG_WARN_ENUM_CONVERSION = YES;
				CLANG_WARN_INFINITE_RECURSION = YES;
				CLANG_WARN_INT_CONVERSION = YES;
				CLANG_WARN_NON_LITERAL_NULL_CONVERSION = YES;
				CLANG_WARN_OBJC_IMPLICIT_RETAIN_SELF = YES;
				CLANG_WARN_OBJC_LITERAL_CONVERSION = YES;
				CLANG_WARN_OBJC_ROOT_CLASS = YES_ERROR;
				CLANG_WARN_QUOTED_INCLUDE_IN_FRAMEWORK_HEADER = YES;
				CLANG_WARN_RANGE_LOOP_ANALYSIS = YES;
				CLANG_WARN_STRICT_PROTOTYPES = YES;
				CLANG_WARN_SUSPICIOUS_MOVE = YES;
				CLANG_WARN_UNGUARDED_AVAILABILITY = YES_AGGRESSIVE;
				CLANG_WARN_UNREACHABLE_CODE = YES;
				CLANG_WARN__DUPLICATE_METHOD_MATCH = YES;
				COPY_PHASE_STRIP = NO;
				DEBUG_INFORMATION_FORMAT = "dwarf-with-dsym";
				ENABLE_NS_ASSERTIONS = NO;
				ENABLE_STRICT_OBJC_MSGSEND = YES;
				GCC_C_LANGUAGE_STANDARD = gnu11;
				GCC_NO_COMMON_BLOCKS = YES;
				GCC_WARN_64_TO_32_BIT_CONVERSION = YES;
				GCC_WARN_ABOUT_RETURN_TYPE = YES_ERROR;
				GCC_WARN_UNDECLARED_SELECTOR = YES;
				GCC_WARN_UNINITIALIZED_AUTOS = YES_AGGRESSIVE;
				GCC_WARN_UNUSED_FUNCTION = YES;
				GCC_WARN_UNUSED_VARIABLE = YES;
				IPHONEOS_DEPLOYMENT_TARGET = 16.2;
				MTL_ENABLE_DEBUG_INFO = NO;
				MTL_FAST_MATH = YES;
				SDKROOT = iphoneos;
				SWIFT_COMPILATION_MODE = wholemodule;
				SWIFT_OPTIMIZATION_LEVEL = "-O";
				VALIDATE_PRODUCT = YES;
			};
			name = Release;
		};
		9408C5CB29A0A5EC005DE2EE /* Debug */ = {
			isa = XCBuildConfiguration;
			baseConfigurationReference = 94AC7DC12AF07E3C0080633B /* Configurations.xcconfig */;
			buildSettings = {
				ASSETCATALOG_COMPILER_APPICON_NAME = AppIcon;
				ASSETCATALOG_COMPILER_GLOBAL_ACCENT_COLOR_NAME = AccentColor;
				CODE_SIGN_STYLE = Automatic;
				CURRENT_PROJECT_VERSION = 1;
				DEVELOPMENT_ASSET_PATHS = "\"BusTime/Preview Content\"";
				DEVELOPMENT_TEAM = NDBTK98VL3;
				ENABLE_PREVIEWS = YES;
				GENERATE_INFOPLIST_FILE = YES;
				INFOPLIST_FILE = BusTime/Info.plist;
				INFOPLIST_KEY_UIApplicationSceneManifest_Generation = YES;
				INFOPLIST_KEY_UIApplicationSupportsIndirectInputEvents = YES;
				INFOPLIST_KEY_UILaunchScreen_Generation = YES;
				INFOPLIST_KEY_UISupportedInterfaceOrientations_iPad = "UIInterfaceOrientationPortrait UIInterfaceOrientationPortraitUpsideDown UIInterfaceOrientationLandscapeLeft UIInterfaceOrientationLandscapeRight";
				INFOPLIST_KEY_UISupportedInterfaceOrientations_iPhone = "UIInterfaceOrientationPortrait UIInterfaceOrientationLandscapeLeft UIInterfaceOrientationLandscapeRight";
				IPHONEOS_DEPLOYMENT_TARGET = 17.0;
				LD_RUNPATH_SEARCH_PATHS = (
					"$(inherited)",
					"@executable_path/Frameworks",
				);
				MARKETING_VERSION = 1.0;
				PRODUCT_BUNDLE_IDENTIFIER = com.jingweili.BusTime;
				PRODUCT_NAME = "$(TARGET_NAME)";
				SWIFT_EMIT_LOC_STRINGS = YES;
				SWIFT_VERSION = 5.0;
				TARGETED_DEVICE_FAMILY = "1,2";
			};
			name = Debug;
		};
		9408C5CC29A0A5EC005DE2EE /* Release */ = {
			isa = XCBuildConfiguration;
			baseConfigurationReference = 94AC7DC12AF07E3C0080633B /* Configurations.xcconfig */;
			buildSettings = {
				ASSETCATALOG_COMPILER_APPICON_NAME = AppIcon;
				ASSETCATALOG_COMPILER_GLOBAL_ACCENT_COLOR_NAME = AccentColor;
				CODE_SIGN_STYLE = Automatic;
				CURRENT_PROJECT_VERSION = 1;
				DEVELOPMENT_ASSET_PATHS = "\"BusTime/Preview Content\"";
				DEVELOPMENT_TEAM = NDBTK98VL3;
				ENABLE_PREVIEWS = YES;
				GENERATE_INFOPLIST_FILE = YES;
				INFOPLIST_FILE = BusTime/Info.plist;
				INFOPLIST_KEY_UIApplicationSceneManifest_Generation = YES;
				INFOPLIST_KEY_UIApplicationSupportsIndirectInputEvents = YES;
				INFOPLIST_KEY_UILaunchScreen_Generation = YES;
				INFOPLIST_KEY_UISupportedInterfaceOrientations_iPad = "UIInterfaceOrientationPortrait UIInterfaceOrientationPortraitUpsideDown UIInterfaceOrientationLandscapeLeft UIInterfaceOrientationLandscapeRight";
				INFOPLIST_KEY_UISupportedInterfaceOrientations_iPhone = "UIInterfaceOrientationPortrait UIInterfaceOrientationLandscapeLeft UIInterfaceOrientationLandscapeRight";
				IPHONEOS_DEPLOYMENT_TARGET = 17.0;
				LD_RUNPATH_SEARCH_PATHS = (
					"$(inherited)",
					"@executable_path/Frameworks",
				);
				MARKETING_VERSION = 1.0;
				PRODUCT_BUNDLE_IDENTIFIER = com.jingweili.BusTime;
				PRODUCT_NAME = "$(TARGET_NAME)";
				SWIFT_EMIT_LOC_STRINGS = YES;
				SWIFT_VERSION = 5.0;
				TARGETED_DEVICE_FAMILY = "1,2";
			};
			name = Release;
		};
		9408C5CE29A0A5EC005DE2EE /* Debug */ = {
			isa = XCBuildConfiguration;
			baseConfigurationReference = 94AC7DC12AF07E3C0080633B /* Configurations.xcconfig */;
			buildSettings = {
				ALWAYS_EMBED_SWIFT_STANDARD_LIBRARIES = YES;
				BUNDLE_LOADER = "$(TEST_HOST)";
				CODE_SIGN_STYLE = Automatic;
				CURRENT_PROJECT_VERSION = 1;
				DEVELOPMENT_TEAM = NDBTK98VL3;
				GENERATE_INFOPLIST_FILE = YES;
				IPHONEOS_DEPLOYMENT_TARGET = 16.2;
				MARKETING_VERSION = 1.0;
				PRODUCT_BUNDLE_IDENTIFIER = com.jingweili.BusTimeTests;
				PRODUCT_NAME = "$(TARGET_NAME)";
				SWIFT_EMIT_LOC_STRINGS = NO;
				SWIFT_VERSION = 5.0;
				TARGETED_DEVICE_FAMILY = "1,2";
				TEST_HOST = "$(BUILT_PRODUCTS_DIR)/BusTime.app/$(BUNDLE_EXECUTABLE_FOLDER_PATH)/BusTime";
			};
			name = Debug;
		};
		9408C5CF29A0A5EC005DE2EE /* Release */ = {
			isa = XCBuildConfiguration;
			baseConfigurationReference = 94AC7DC12AF07E3C0080633B /* Configurations.xcconfig */;
			buildSettings = {
				ALWAYS_EMBED_SWIFT_STANDARD_LIBRARIES = YES;
				BUNDLE_LOADER = "$(TEST_HOST)";
				CODE_SIGN_STYLE = Automatic;
				CURRENT_PROJECT_VERSION = 1;
				DEVELOPMENT_TEAM = NDBTK98VL3;
				GENERATE_INFOPLIST_FILE = YES;
				IPHONEOS_DEPLOYMENT_TARGET = 16.2;
				MARKETING_VERSION = 1.0;
				PRODUCT_BUNDLE_IDENTIFIER = com.jingweili.BusTimeTests;
				PRODUCT_NAME = "$(TARGET_NAME)";
				SWIFT_EMIT_LOC_STRINGS = NO;
				SWIFT_VERSION = 5.0;
				TARGETED_DEVICE_FAMILY = "1,2";
				TEST_HOST = "$(BUILT_PRODUCTS_DIR)/BusTime.app/$(BUNDLE_EXECUTABLE_FOLDER_PATH)/BusTime";
			};
			name = Release;
		};
		9408C5D129A0A5EC005DE2EE /* Debug */ = {
			isa = XCBuildConfiguration;
			baseConfigurationReference = 94AC7DC12AF07E3C0080633B /* Configurations.xcconfig */;
			buildSettings = {
				ALWAYS_EMBED_SWIFT_STANDARD_LIBRARIES = YES;
				CODE_SIGN_STYLE = Automatic;
				CURRENT_PROJECT_VERSION = 1;
				DEVELOPMENT_TEAM = NDBTK98VL3;
				GENERATE_INFOPLIST_FILE = YES;
				MARKETING_VERSION = 1.0;
				PRODUCT_BUNDLE_IDENTIFIER = com.jingweili.BusTimeUITests;
				PRODUCT_NAME = "$(TARGET_NAME)";
				SWIFT_EMIT_LOC_STRINGS = NO;
				SWIFT_VERSION = 5.0;
				TARGETED_DEVICE_FAMILY = "1,2";
				TEST_TARGET_NAME = BusTime;
			};
			name = Debug;
		};
		9408C5D229A0A5EC005DE2EE /* Release */ = {
			isa = XCBuildConfiguration;
			baseConfigurationReference = 94AC7DC12AF07E3C0080633B /* Configurations.xcconfig */;
			buildSettings = {
				ALWAYS_EMBED_SWIFT_STANDARD_LIBRARIES = YES;
				CODE_SIGN_STYLE = Automatic;
				CURRENT_PROJECT_VERSION = 1;
				DEVELOPMENT_TEAM = NDBTK98VL3;
				GENERATE_INFOPLIST_FILE = YES;
				MARKETING_VERSION = 1.0;
				PRODUCT_BUNDLE_IDENTIFIER = com.jingweili.BusTimeUITests;
				PRODUCT_NAME = "$(TARGET_NAME)";
				SWIFT_EMIT_LOC_STRINGS = NO;
				SWIFT_VERSION = 5.0;
				TARGETED_DEVICE_FAMILY = "1,2";
				TEST_TARGET_NAME = BusTime;
			};
			name = Release;
		};
/* End XCBuildConfiguration section */

/* Begin XCConfigurationList section */
		9408C5A129A0A5EA005DE2EE /* Build configuration list for PBXProject "BusTime" */ = {
			isa = XCConfigurationList;
			buildConfigurations = (
				9408C5C829A0A5EC005DE2EE /* Debug */,
				9408C5C929A0A5EC005DE2EE /* Release */,
			);
			defaultConfigurationIsVisible = 0;
			defaultConfigurationName = Release;
		};
		9408C5CA29A0A5EC005DE2EE /* Build configuration list for PBXNativeTarget "BusTime" */ = {
			isa = XCConfigurationList;
			buildConfigurations = (
				9408C5CB29A0A5EC005DE2EE /* Debug */,
				9408C5CC29A0A5EC005DE2EE /* Release */,
			);
			defaultConfigurationIsVisible = 0;
			defaultConfigurationName = Release;
		};
		9408C5CD29A0A5EC005DE2EE /* Build configuration list for PBXNativeTarget "BusTimeTests" */ = {
			isa = XCConfigurationList;
			buildConfigurations = (
				9408C5CE29A0A5EC005DE2EE /* Debug */,
				9408C5CF29A0A5EC005DE2EE /* Release */,
			);
			defaultConfigurationIsVisible = 0;
			defaultConfigurationName = Release;
		};
		9408C5D029A0A5EC005DE2EE /* Build configuration list for PBXNativeTarget "BusTimeUITests" */ = {
			isa = XCConfigurationList;
			buildConfigurations = (
				9408C5D129A0A5EC005DE2EE /* Debug */,
				9408C5D229A0A5EC005DE2EE /* Release */,
			);
			defaultConfigurationIsVisible = 0;
			defaultConfigurationName = Release;
		};
/* End XCConfigurationList section */
	};
	rootObject = 9408C59E29A0A5EA005DE2EE /* Project object */;
}
